<?xml version="1.0" encoding="utf-8"?>
<Project ToolsVersion="4.0" xmlns="http://schemas.microsoft.com/developer/msbuild/2003">
  <ItemGroup>
    <Filter Include="源文件">
      <UniqueIdentifier>{4FC737F1-C7A5-4376-A066-2A32D752A2FF}</UniqueIdentifier>
      <Extensions>cpp;c;cc;cxx;c++;cppm;ixx;def;odl;idl;hpj;bat;asm;asmx</Extensions>
    </Filter>
    <Filter Include="头文件">
      <UniqueIdentifier>{93995380-89BD-4b04-88EB-625FBE52EBFB}</UniqueIdentifier>
      <Extensions>h;hh;hpp;hxx;h++;hm;inl;inc;ipp;xsd</Extensions>
    </Filter>
    <Filter Include="资源文件">
      <UniqueIdentifier>{67DA6AB6-F800-4c08-8B7A-83BB121AAD01}</UniqueIdentifier>
      <Extensions>rc;ico;cur;bmp;dlg;rc2;rct;bin;rgs;gif;jpg;jpeg;jpe;resx;tiff;tif;png;wav;mfcribbon-ms</Extensions>
    </Filter>
  </ItemGroup>
  <ItemGroup>
    <ClInclude Include="framework.h">
      <Filter>头文件</Filter>
    </ClInclude>
    <ClInclude Include="Inc\pch.h">
      <Filter>头文件</Filter>
    </ClInclude>
    <ClInclude Include="Inc\GlobalMarco.h">
      <Filter>头文件</Filter>
    </ClInclude>
    <ClInclude Include="Inc\Framework\Interface\IRuntimeModule.h">
      <Filter>头文件</Filter>
    </ClInclude>
    <ClInclude Include="Inc\Framework\Common\GfxConfiguration.h">
      <Filter>头文件</Filter>
    </ClInclude>
    <ClInclude Include="Inc\Framework\Common\CommandLineApp.h">
      <Filter>头文件</Filter>
    </ClInclude>
    <ClInclude Include="Inc\Framework\Common\EntryPoint.h">
      <Filter>头文件</Filter>
    </ClInclude>
    <ClInclude Include="Ailu.h">
      <Filter>头文件</Filter>
    </ClInclude>
    <ClInclude Include="Inc\Framework\Common\Utils.h">
      <Filter>头文件</Filter>
    </ClInclude>
    <ClInclude Include="Inc\Framework\Common\Log.h">
      <Filter>头文件</Filter>
    </ClInclude>
    <ClInclude Include="Inc\CompanyEnv.h">
      <Filter>头文件</Filter>
    </ClInclude>
    <ClInclude Include="Inc\Framework\Common\LogMgr.h">
      <Filter>头文件</Filter>
    </ClInclude>
    <ClInclude Include="Inc\Render\Renderer.h">
      <Filter>头文件</Filter>
    </ClInclude>
    <ClInclude Include="Inc\RHI\DX12\BaseRenderer.h">
      <Filter>头文件</Filter>
    </ClInclude>
    <ClInclude Include="Ext\d3dx12.h">
      <Filter>头文件</Filter>
    </ClInclude>
    <ClInclude Include="Inc\RHI\DX12\dxhelper.h">
      <Filter>头文件</Filter>
    </ClInclude>
    <ClInclude Include="Inc\Framework\Events\Event.h">
      <Filter>头文件</Filter>
    </ClInclude>
    <ClInclude Include="Inc\Framework\Events\KeyEvent.h">
      <Filter>头文件</Filter>
    </ClInclude>
    <ClInclude Include="Inc\Framework\Events\MouseEvent.h">
      <Filter>头文件</Filter>
    </ClInclude>
    <ClInclude Include="Inc\Framework\Common\Window.h">
      <Filter>头文件</Filter>
    </ClInclude>
    <ClInclude Include="Inc\Platform\WinWindow.h">
      <Filter>头文件</Filter>
    </ClInclude>
    <ClInclude Include="Inc\Framework\Common\Application.h">
      <Filter>头文件</Filter>
    </ClInclude>
    <ClInclude Include="Inc\Framework\Events\Layer.h">
      <Filter>头文件</Filter>
    </ClInclude>
    <ClInclude Include="Inc\Framework\Events\LayerStack.h">
      <Filter>头文件</Filter>
    </ClInclude>
    <ClInclude Include="Inc\Framework\ImGui\ImGuiLayer.h">
      <Filter>头文件</Filter>
    </ClInclude>
    <ClInclude Include="Ext\imgui\imgui.h">
      <Filter>头文件</Filter>
    </ClInclude>
    <ClInclude Include="Ext\imgui\backends\imgui_impl_win32.h">
      <Filter>头文件</Filter>
    </ClInclude>
    <ClInclude Include="Ext\imgui\imgui_internal.h">
      <Filter>头文件</Filter>
    </ClInclude>
    <ClInclude Include="Ext\imgui\imstb_rectpack.h">
      <Filter>头文件</Filter>
    </ClInclude>
    <ClInclude Include="Ext\imgui\imstb_textedit.h">
      <Filter>头文件</Filter>
    </ClInclude>
    <ClInclude Include="Ext\imgui\imstb_truetype.h">
      <Filter>头文件</Filter>
    </ClInclude>
    <ClInclude Include="Ext\imgui\imconfig.h">
      <Filter>头文件</Filter>
    </ClInclude>
    <ClInclude Include="Inc\Framework\Events\WindowEvent.h">
      <Filter>头文件</Filter>
    </ClInclude>
    <ClInclude Include="Inc\Framework\Common\ThreadPool.h">
      <Filter>头文件</Filter>
    </ClInclude>
    <ClInclude Include="Inc\Framework\Common\TimeMgr.h">
      <Filter>头文件</Filter>
    </ClInclude>
    <ClInclude Include="Inc\Framework\Math\ALMath.hpp">
      <Filter>头文件</Filter>
    </ClInclude>
    <ClInclude Include="Inc\Framework\Common\Input.h">
      <Filter>头文件</Filter>
    </ClInclude>
    <ClInclude Include="Inc\Platform\WinInput.h">
      <Filter>头文件</Filter>
    </ClInclude>
    <ClInclude Include="Ext\imgui\backends\imgui_impl_dx12.h">
      <Filter>头文件</Filter>
    </ClInclude>
    <ClInclude Include="Inc\Render\Camera.h">
      <Filter>头文件</Filter>
    </ClInclude>
    <ClInclude Include="Inc\Framework\Events\InputLayer.h">
      <Filter>头文件</Filter>
    </ClInclude>
    <ClInclude Include="Inc\Framework\Common\KeyCode.h">
      <Filter>头文件</Filter>
    </ClInclude>
    <ClInclude Include="Inc\Render\Mesh.h">
      <Filter>头文件</Filter>
    </ClInclude>
  </ItemGroup>
  <ItemGroup>
    <ClCompile Include="dllmain.cpp">
      <Filter>源文件</Filter>
    </ClCompile>
    <ClCompile Include="Src\pch.cpp">
      <Filter>源文件</Filter>
    </ClCompile>
    <ClCompile Include="Ailu.cpp">
      <Filter>源文件</Filter>
    </ClCompile>
    <ClCompile Include="Src\Framework\Common\LogMgr.cpp">
      <Filter>源文件</Filter>
    </ClCompile>
    <ClCompile Include="Src\Render\Renderer.cpp">
      <Filter>源文件</Filter>
    </ClCompile>
    <ClCompile Include="Src\RHI\DX12\BaseRenderer.cpp">
      <Filter>源文件</Filter>
    </ClCompile>
    <ClCompile Include="Src\Platform\WinWindow.cpp">
      <Filter>源文件</Filter>
    </ClCompile>
    <ClCompile Include="Src\Framework\Common\Application.cpp">
      <Filter>源文件</Filter>
    </ClCompile>
    <ClCompile Include="Src\Framework\Events\Layer.cpp">
      <Filter>源文件</Filter>
    </ClCompile>
    <ClCompile Include="Src\Framework\Events\LayerStack.cpp">
      <Filter>源文件</Filter>
    </ClCompile>
    <ClCompile Include="Src\Framework\ImGui\ImGUILayer.cpp">
      <Filter>源文件</Filter>
    </ClCompile>
    <ClCompile Include="Ext\imgui\imgui.cpp">
      <Filter>源文件</Filter>
    </ClCompile>
    <ClCompile Include="Ext\imgui\imgui_demo.cpp">
      <Filter>源文件</Filter>
    </ClCompile>
    <ClCompile Include="Ext\imgui\imgui_draw.cpp">
      <Filter>源文件</Filter>
    </ClCompile>
    <ClCompile Include="Ext\imgui\imgui_tables.cpp">
      <Filter>源文件</Filter>
    </ClCompile>
    <ClCompile Include="Ext\imgui\imgui_widgets.cpp">
      <Filter>源文件</Filter>
    </ClCompile>
    <ClCompile Include="Ext\imgui\backends\imgui_impl_win32.cpp">
      <Filter>源文件</Filter>
    </ClCompile>
    <ClCompile Include="Src\Framework\Common\TimeMgr.cpp">
      <Filter>源文件</Filter>
    </ClCompile>
    <ClCompile Include="Src\Platform\WinInput.cpp">
      <Filter>源文件</Filter>
    </ClCompile>
    <ClCompile Include="Ext\imgui\backends\imgui_impl_dx12.cpp">
      <Filter>源文件</Filter>
    </ClCompile>
    <ClCompile Include="Src\Render\Camera.cpp">
      <Filter>源文件</Filter>
    </ClCompile>
    <ClCompile Include="Src\Framework\Events\InputLayer.cpp">
      <Filter>源文件</Filter>
    </ClCompile>
    <ClCompile Include="Src\Render\Mesh.cpp">
      <Filter>源文件</Filter>
    </ClCompile>
  </ItemGroup>
  <ItemGroup>
    <None Include="after_build.bat">
      <Filter>源文件</Filter>
    </None>
    <None Include="Res\Shaders\shaders.hlsl" />
  </ItemGroup>
  <ItemGroup>
    <Font Include="Res\Fonts\VictorMono-Regular.ttf" />
  </ItemGroup>
</Project>