<?xml version="1.0" encoding="utf-8"?>
<Project ToolsVersion="4.0" xmlns="http://schemas.microsoft.com/developer/msbuild/2003">
  <ItemGroup>
    <Filter Include="源文件">
      <UniqueIdentifier>{4FC737F1-C7A5-4376-A066-2A32D752A2FF}</UniqueIdentifier>
      <Extensions>cpp;c;cc;cxx;c++;cppm;ixx;def;odl;idl;hpj;bat;asm;asmx</Extensions>
    </Filter>
    <Filter Include="头文件">
      <UniqueIdentifier>{93995380-89BD-4b04-88EB-625FBE52EBFB}</UniqueIdentifier>
      <Extensions>h;hh;hpp;hxx;h++;hm;inl;inc;ipp;xsd</Extensions>
    </Filter>
    <Filter Include="资源文件">
      <UniqueIdentifier>{67DA6AB6-F800-4c08-8B7A-83BB121AAD01}</UniqueIdentifier>
      <Extensions>rc;ico;cur;bmp;dlg;rc2;rct;bin;rgs;gif;jpg;jpeg;jpe;resx;tiff;tif;png;wav;mfcribbon-ms</Extensions>
    </Filter>
  </ItemGroup>
  <ItemGroup>
    <ClInclude Include="framework.h">
      <Filter>头文件</Filter>
    </ClInclude>
    <ClInclude Include="Inc\pch.h">
      <Filter>头文件</Filter>
    </ClInclude>
    <ClInclude Include="Inc\GlobalMarco.h">
      <Filter>头文件</Filter>
    </ClInclude>
    <ClInclude Include="Inc\Framework\Interface\IRuntimeModule.h">
      <Filter>头文件</Filter>
    </ClInclude>
    <ClInclude Include="Inc\Framework\Common\GfxConfiguration.h">
      <Filter>头文件</Filter>
    </ClInclude>
    <ClInclude Include="Inc\Framework\Common\CommandLineApp.h">
      <Filter>头文件</Filter>
    </ClInclude>
    <ClInclude Include="Inc\Framework\Common\EntryPoint.h">
      <Filter>头文件</Filter>
    </ClInclude>
    <ClInclude Include="Ailu.h">
      <Filter>头文件</Filter>
    </ClInclude>
    <ClInclude Include="Inc\Framework\Common\Utils.h">
      <Filter>头文件</Filter>
    </ClInclude>
    <ClInclude Include="Inc\Framework\Common\Log.h">
      <Filter>头文件</Filter>
    </ClInclude>
    <ClInclude Include="Inc\CompanyEnv.h">
      <Filter>头文件</Filter>
    </ClInclude>
    <ClInclude Include="Inc\Framework\Common\LogMgr.h">
      <Filter>头文件</Filter>
    </ClInclude>
    <ClInclude Include="Inc\Render\Renderer.h">
      <Filter>头文件</Filter>
    </ClInclude>
    <ClInclude Include="Inc\RHI\DX12\D3DContext.h">
      <Filter>头文件</Filter>
    </ClInclude>
    <ClInclude Include="Ext\d3dx12.h">
      <Filter>头文件</Filter>
    </ClInclude>
    <ClInclude Include="Inc\RHI\DX12\dxhelper.h">
      <Filter>头文件</Filter>
    </ClInclude>
    <ClInclude Include="Inc\Framework\Events\Event.h">
      <Filter>头文件</Filter>
    </ClInclude>
    <ClInclude Include="Inc\Framework\Events\KeyEvent.h">
      <Filter>头文件</Filter>
    </ClInclude>
    <ClInclude Include="Inc\Framework\Events\MouseEvent.h">
      <Filter>头文件</Filter>
    </ClInclude>
    <ClInclude Include="Inc\Framework\Common\Window.h">
      <Filter>头文件</Filter>
    </ClInclude>
    <ClInclude Include="Inc\Platform\WinWindow.h">
      <Filter>头文件</Filter>
    </ClInclude>
    <ClInclude Include="Inc\Framework\Common\Application.h">
      <Filter>头文件</Filter>
    </ClInclude>
    <ClInclude Include="Inc\Framework\Events\Layer.h">
      <Filter>头文件</Filter>
    </ClInclude>
    <ClInclude Include="Inc\Framework\Events\LayerStack.h">
      <Filter>头文件</Filter>
    </ClInclude>
    <ClInclude Include="Inc\Framework\ImGui\ImGuiLayer.h">
      <Filter>头文件</Filter>
    </ClInclude>
    <ClInclude Include="Ext\imgui\imgui.h">
      <Filter>头文件</Filter>
    </ClInclude>
    <ClInclude Include="Ext\imgui\backends\imgui_impl_win32.h">
      <Filter>头文件</Filter>
    </ClInclude>
    <ClInclude Include="Ext\imgui\imgui_internal.h">
      <Filter>头文件</Filter>
    </ClInclude>
    <ClInclude Include="Ext\imgui\imstb_rectpack.h">
      <Filter>头文件</Filter>
    </ClInclude>
    <ClInclude Include="Ext\imgui\imstb_textedit.h">
      <Filter>头文件</Filter>
    </ClInclude>
    <ClInclude Include="Ext\imgui\imstb_truetype.h">
      <Filter>头文件</Filter>
    </ClInclude>
    <ClInclude Include="Ext\imgui\imconfig.h">
      <Filter>头文件</Filter>
    </ClInclude>
    <ClInclude Include="Inc\Framework\Events\WindowEvent.h">
      <Filter>头文件</Filter>
    </ClInclude>
    <ClInclude Include="Inc\Framework\Common\ThreadPool.h">
      <Filter>头文件</Filter>
    </ClInclude>
    <ClInclude Include="Inc\Framework\Common\TimeMgr.h">
      <Filter>头文件</Filter>
    </ClInclude>
    <ClInclude Include="Inc\Framework\Math\ALMath.hpp">
      <Filter>头文件</Filter>
    </ClInclude>
    <ClInclude Include="Inc\Framework\Common\Input.h">
      <Filter>头文件</Filter>
    </ClInclude>
    <ClInclude Include="Inc\Platform\WinInput.h">
      <Filter>头文件</Filter>
    </ClInclude>
    <ClInclude Include="Ext\imgui\backends\imgui_impl_dx12.h">
      <Filter>头文件</Filter>
    </ClInclude>
    <ClInclude Include="Inc\Render\Camera.h">
      <Filter>头文件</Filter>
    </ClInclude>
    <ClInclude Include="Inc\Framework\Events\InputLayer.h">
      <Filter>头文件</Filter>
    </ClInclude>
    <ClInclude Include="Inc\Framework\Common\KeyCode.h">
      <Filter>头文件</Filter>
    </ClInclude>
    <ClInclude Include="Inc\Render\Mesh.h">
      <Filter>头文件</Filter>
    </ClInclude>
    <ClInclude Include="Inc\Render\GraphicsContext.h">
      <Filter>头文件</Filter>
    </ClInclude>
    <ClInclude Include="Inc\Render\Buffer.h">
      <Filter>头文件</Filter>
    </ClInclude>
    <ClInclude Include="Inc\RHI\DX12\D3DBuffer.h">
      <Filter>头文件</Filter>
    </ClInclude>
    <ClInclude Include="Inc\Render\RendererAPI.h">
      <Filter>头文件</Filter>
    </ClInclude>
    <ClInclude Include="Inc\Render\RenderCommand.h">
      <Filter>头文件</Filter>
    </ClInclude>
    <ClInclude Include="Inc\RHI\DX12\D3DRendererAPI.h">
      <Filter>头文件</Filter>
    </ClInclude>
    <ClInclude Include="Inc\Render\Shader.h">
      <Filter>头文件</Filter>
    </ClInclude>
    <ClInclude Include="Inc\RHI\DX12\D3DShader.h">
      <Filter>头文件</Filter>
    </ClInclude>
    <ClInclude Include="Inc\Render\RenderConstants.h">
      <Filter>头文件</Filter>
    </ClInclude>
    <ClInclude Include="Inc\Render\Material.h">
      <Filter>头文件</Filter>
    </ClInclude>
    <ClInclude Include="Inc\Render\GraphicsPipelineStateObject.h">
      <Filter>头文件</Filter>
    </ClInclude>
    <ClInclude Include="Inc\Render\AlgFormat.h">
      <Filter>头文件</Filter>
    </ClInclude>
    <ClInclude Include="Inc\RHI\DX12\D3DGraphicsPipelineState.h">
      <Filter>头文件</Filter>
    </ClInclude>
    <ClInclude Include="Inc\Framework\Interface\IParser.h">
      <Filter>头文件</Filter>
    </ClInclude>
    <ClInclude Include="Inc\Framework\Parser\FbxParser.h">
      <Filter>头文件</Filter>
    </ClInclude>
    <ClInclude Include="Ext\fbxsdk\include\fbxsdk\core\arch\fbxalloc.h">
      <Filter>头文件</Filter>
    </ClInclude>
    <ClInclude Include="Ext\fbxsdk\include\fbxsdk\core\arch\fbxarch.h">
      <Filter>头文件</Filter>
    </ClInclude>
    <ClInclude Include="Ext\fbxsdk\include\fbxsdk\core\arch\fbxdebug.h">
      <Filter>头文件</Filter>
    </ClInclude>
    <ClInclude Include="Ext\fbxsdk\include\fbxsdk\core\arch\fbxnew.h">
      <Filter>头文件</Filter>
    </ClInclude>
    <ClInclude Include="Ext\fbxsdk\include\fbxsdk\core\arch\fbxstdcompliant.h">
      <Filter>头文件</Filter>
    </ClInclude>
    <ClInclude Include="Ext\fbxsdk\include\fbxsdk\core\arch\fbxtypes.h">
      <Filter>头文件</Filter>
    </ClInclude>
    <ClInclude Include="Ext\fbxsdk\include\fbxsdk\core\base\fbxarray.h">
      <Filter>头文件</Filter>
    </ClInclude>
    <ClInclude Include="Ext\fbxsdk\include\fbxsdk\core\base\fbxbitset.h">
      <Filter>头文件</Filter>
    </ClInclude>
    <ClInclude Include="Ext\fbxsdk\include\fbxsdk\core\base\fbxcharptrset.h">
      <Filter>头文件</Filter>
    </ClInclude>
    <ClInclude Include="Ext\fbxsdk\include\fbxsdk\core\base\fbxcontainerallocators.h">
      <Filter>头文件</Filter>
    </ClInclude>
    <ClInclude Include="Ext\fbxsdk\include\fbxsdk\core\base\fbxdynamicarray.h">
      <Filter>头文件</Filter>
    </ClInclude>
    <ClInclude Include="Ext\fbxsdk\include\fbxsdk\core\base\fbxfile.h">
      <Filter>头文件</Filter>
    </ClInclude>
    <ClInclude Include="Ext\fbxsdk\include\fbxsdk\core\base\fbxfolder.h">
      <Filter>头文件</Filter>
    </ClInclude>
    <ClInclude Include="Ext\fbxsdk\include\fbxsdk\core\base\fbxhashmap.h">
      <Filter>头文件</Filter>
    </ClInclude>
    <ClInclude Include="Ext\fbxsdk\include\fbxsdk\core\base\fbxintrusivelist.h">
      <Filter>头文件</Filter>
    </ClInclude>
    <ClInclude Include="Ext\fbxsdk\include\fbxsdk\core\base\fbxmap.h">
      <Filter>头文件</Filter>
    </ClInclude>
    <ClInclude Include="Ext\fbxsdk\include\fbxsdk\core\base\fbxmemorypool.h">
      <Filter>头文件</Filter>
    </ClInclude>
    <ClInclude Include="Ext\fbxsdk\include\fbxsdk\core\base\fbxmultimap.h">
      <Filter>头文件</Filter>
    </ClInclude>
    <ClInclude Include="Ext\fbxsdk\include\fbxsdk\core\base\fbxpair.h">
      <Filter>头文件</Filter>
    </ClInclude>
    <ClInclude Include="Ext\fbxsdk\include\fbxsdk\core\base\fbxredblacktree.h">
      <Filter>头文件</Filter>
    </ClInclude>
    <ClInclude Include="Ext\fbxsdk\include\fbxsdk\core\base\fbxset.h">
      <Filter>头文件</Filter>
    </ClInclude>
    <ClInclude Include="Ext\fbxsdk\include\fbxsdk\core\base\fbxstatus.h">
      <Filter>头文件</Filter>
    </ClInclude>
    <ClInclude Include="Ext\fbxsdk\include\fbxsdk\core\base\fbxstring.h">
      <Filter>头文件</Filter>
    </ClInclude>
    <ClInclude Include="Ext\fbxsdk\include\fbxsdk\core\base\fbxstringlist.h">
      <Filter>头文件</Filter>
    </ClInclude>
    <ClInclude Include="Ext\fbxsdk\include\fbxsdk\core\base\fbxtime.h">
      <Filter>头文件</Filter>
    </ClInclude>
    <ClInclude Include="Ext\fbxsdk\include\fbxsdk\core\base\fbxtimecode.h">
      <Filter>头文件</Filter>
    </ClInclude>
    <ClInclude Include="Ext\fbxsdk\include\fbxsdk\core\base\fbxutils.h">
      <Filter>头文件</Filter>
    </ClInclude>
    <ClInclude Include="Ext\fbxsdk\include\fbxsdk\core\math\fbxaffinematrix.h">
      <Filter>头文件</Filter>
    </ClInclude>
    <ClInclude Include="Ext\fbxsdk\include\fbxsdk\core\math\fbxdualquaternion.h">
      <Filter>头文件</Filter>
    </ClInclude>
    <ClInclude Include="Ext\fbxsdk\include\fbxsdk\core\math\fbxmath.h">
      <Filter>头文件</Filter>
    </ClInclude>
    <ClInclude Include="Ext\fbxsdk\include\fbxsdk\core\math\fbxmatrix.h">
      <Filter>头文件</Filter>
    </ClInclude>
    <ClInclude Include="Ext\fbxsdk\include\fbxsdk\core\math\fbxquaternion.h">
      <Filter>头文件</Filter>
    </ClInclude>
    <ClInclude Include="Ext\fbxsdk\include\fbxsdk\core\math\fbxtransforms.h">
      <Filter>头文件</Filter>
    </ClInclude>
    <ClInclude Include="Ext\fbxsdk\include\fbxsdk\core\math\fbxvector2.h">
      <Filter>头文件</Filter>
    </ClInclude>
    <ClInclude Include="Ext\fbxsdk\include\fbxsdk\core\math\fbxvector4.h">
      <Filter>头文件</Filter>
    </ClInclude>
    <ClInclude Include="Ext\fbxsdk\include\fbxsdk\core\sync\fbxatomic.h">
      <Filter>头文件</Filter>
    </ClInclude>
    <ClInclude Include="Ext\fbxsdk\include\fbxsdk\core\sync\fbxclock.h">
      <Filter>头文件</Filter>
    </ClInclude>
    <ClInclude Include="Ext\fbxsdk\include\fbxsdk\core\sync\fbxsync.h">
      <Filter>头文件</Filter>
    </ClInclude>
    <ClInclude Include="Ext\fbxsdk\include\fbxsdk\core\sync\fbxthread.h">
      <Filter>头文件</Filter>
    </ClInclude>
    <ClInclude Include="Ext\fbxsdk\include\fbxsdk\core\fbxclassid.h">
      <Filter>头文件</Filter>
    </ClInclude>
    <ClInclude Include="Ext\fbxsdk\include\fbxsdk\core\fbxconnectionpoint.h">
      <Filter>头文件</Filter>
    </ClInclude>
    <ClInclude Include="Ext\fbxsdk\include\fbxsdk\core\fbxdatatypes.h">
      <Filter>头文件</Filter>
    </ClInclude>
    <ClInclude Include="Ext\fbxsdk\include\fbxsdk\core\fbxemitter.h">
      <Filter>头文件</Filter>
    </ClInclude>
    <ClInclude Include="Ext\fbxsdk\include\fbxsdk\core\fbxevent.h">
      <Filter>头文件</Filter>
    </ClInclude>
    <ClInclude Include="Ext\fbxsdk\include\fbxsdk\core\fbxeventhandler.h">
      <Filter>头文件</Filter>
    </ClInclude>
    <ClInclude Include="Ext\fbxsdk\include\fbxsdk\core\fbxlistener.h">
      <Filter>头文件</Filter>
    </ClInclude>
    <ClInclude Include="Ext\fbxsdk\include\fbxsdk\core\fbxloadingstrategy.h">
      <Filter>头文件</Filter>
    </ClInclude>
    <ClInclude Include="Ext\fbxsdk\include\fbxsdk\core\fbxmanager.h">
      <Filter>头文件</Filter>
    </ClInclude>
    <ClInclude Include="Ext\fbxsdk\include\fbxsdk\core\fbxmodule.h">
      <Filter>头文件</Filter>
    </ClInclude>
    <ClInclude Include="Ext\fbxsdk\include\fbxsdk\core\fbxobject.h">
      <Filter>头文件</Filter>
    </ClInclude>
    <ClInclude Include="Ext\fbxsdk\include\fbxsdk\core\fbxperipheral.h">
      <Filter>头文件</Filter>
    </ClInclude>
    <ClInclude Include="Ext\fbxsdk\include\fbxsdk\core\fbxplugin.h">
      <Filter>头文件</Filter>
    </ClInclude>
    <ClInclude Include="Ext\fbxsdk\include\fbxsdk\core\fbxplugincontainer.h">
      <Filter>头文件</Filter>
    </ClInclude>
    <ClInclude Include="Ext\fbxsdk\include\fbxsdk\core\fbxproperty.h">
      <Filter>头文件</Filter>
    </ClInclude>
    <ClInclude Include="Ext\fbxsdk\include\fbxsdk\core\fbxpropertydef.h">
      <Filter>头文件</Filter>
    </ClInclude>
    <ClInclude Include="Ext\fbxsdk\include\fbxsdk\core\fbxpropertyhandle.h">
      <Filter>头文件</Filter>
    </ClInclude>
    <ClInclude Include="Ext\fbxsdk\include\fbxsdk\core\fbxpropertypage.h">
      <Filter>头文件</Filter>
    </ClInclude>
    <ClInclude Include="Ext\fbxsdk\include\fbxsdk\core\fbxpropertytypes.h">
      <Filter>头文件</Filter>
    </ClInclude>
    <ClInclude Include="Ext\fbxsdk\include\fbxsdk\core\fbxquery.h">
      <Filter>头文件</Filter>
    </ClInclude>
    <ClInclude Include="Ext\fbxsdk\include\fbxsdk\core\fbxqueryevent.h">
      <Filter>头文件</Filter>
    </ClInclude>
    <ClInclude Include="Ext\fbxsdk\include\fbxsdk\core\fbxscopedloadingdirectory.h">
      <Filter>头文件</Filter>
    </ClInclude>
    <ClInclude Include="Ext\fbxsdk\include\fbxsdk\core\fbxscopedloadingfilename.h">
      <Filter>头文件</Filter>
    </ClInclude>
    <ClInclude Include="Ext\fbxsdk\include\fbxsdk\core\fbxstream.h">
      <Filter>头文件</Filter>
    </ClInclude>
    <ClInclude Include="Ext\fbxsdk\include\fbxsdk\core\fbxsymbol.h">
      <Filter>头文件</Filter>
    </ClInclude>
    <ClInclude Include="Ext\fbxsdk\include\fbxsdk\core\fbxsystemunit.h">
      <Filter>头文件</Filter>
    </ClInclude>
    <ClInclude Include="Ext\fbxsdk\include\fbxsdk\core\fbxxref.h">
      <Filter>头文件</Filter>
    </ClInclude>
    <ClInclude Include="Ext\fbxsdk\include\fbxsdk\fileio\collada\fbxcolladaanimationelement.h">
      <Filter>头文件</Filter>
    </ClInclude>
    <ClInclude Include="Ext\fbxsdk\include\fbxsdk\fileio\collada\fbxcolladaelement.h">
      <Filter>头文件</Filter>
    </ClInclude>
    <ClInclude Include="Ext\fbxsdk\include\fbxsdk\fileio\collada\fbxcolladaiostream.h">
      <Filter>头文件</Filter>
    </ClInclude>
    <ClInclude Include="Ext\fbxsdk\include\fbxsdk\fileio\collada\fbxcolladanamespace.h">
      <Filter>头文件</Filter>
    </ClInclude>
    <ClInclude Include="Ext\fbxsdk\include\fbxsdk\fileio\collada\fbxcolladatokens.h">
      <Filter>头文件</Filter>
    </ClInclude>
    <ClInclude Include="Ext\fbxsdk\include\fbxsdk\fileio\collada\fbxcolladautils.h">
      <Filter>头文件</Filter>
    </ClInclude>
    <ClInclude Include="Ext\fbxsdk\include\fbxsdk\fileio\collada\fbxreadercollada14.h">
      <Filter>头文件</Filter>
    </ClInclude>
    <ClInclude Include="Ext\fbxsdk\include\fbxsdk\fileio\collada\fbxwritercollada14.h">
      <Filter>头文件</Filter>
    </ClInclude>
    <ClInclude Include="Ext\fbxsdk\include\fbxsdk\fileio\fbx\fbxio.h">
      <Filter>头文件</Filter>
    </ClInclude>
    <ClInclude Include="Ext\fbxsdk\include\fbxsdk\fileio\fbx\fbxreaderfbx5.h">
      <Filter>头文件</Filter>
    </ClInclude>
    <ClInclude Include="Ext\fbxsdk\include\fbxsdk\fileio\fbx\fbxreaderfbx6.h">
      <Filter>头文件</Filter>
    </ClInclude>
    <ClInclude Include="Ext\fbxsdk\include\fbxsdk\fileio\fbx\fbxreaderfbx7.h">
      <Filter>头文件</Filter>
    </ClInclude>
    <ClInclude Include="Ext\fbxsdk\include\fbxsdk\fileio\fbx\fbxwriterfbx5.h">
      <Filter>头文件</Filter>
    </ClInclude>
    <ClInclude Include="Ext\fbxsdk\include\fbxsdk\fileio\fbx\fbxwriterfbx6.h">
      <Filter>头文件</Filter>
    </ClInclude>
    <ClInclude Include="Ext\fbxsdk\include\fbxsdk\fileio\fbx\fbxwriterfbx7.h">
      <Filter>头文件</Filter>
    </ClInclude>
    <ClInclude Include="Ext\fbxsdk\include\fbxsdk\fileio\fbxbase64coder.h">
      <Filter>头文件</Filter>
    </ClInclude>
    <ClInclude Include="Ext\fbxsdk\include\fbxsdk\fileio\fbxcallbacks.h">
      <Filter>头文件</Filter>
    </ClInclude>
    <ClInclude Include="Ext\fbxsdk\include\fbxsdk\fileio\fbxexporter.h">
      <Filter>头文件</Filter>
    </ClInclude>
    <ClInclude Include="Ext\fbxsdk\include\fbxsdk\fileio\fbxexternaldocreflistener.h">
      <Filter>头文件</Filter>
    </ClInclude>
    <ClInclude Include="Ext\fbxsdk\include\fbxsdk\fileio\fbxfiletokens.h">
      <Filter>头文件</Filter>
    </ClInclude>
    <ClInclude Include="Ext\fbxsdk\include\fbxsdk\fileio\fbxglobalcamerasettings.h">
      <Filter>头文件</Filter>
    </ClInclude>
    <ClInclude Include="Ext\fbxsdk\include\fbxsdk\fileio\fbxgloballightsettings.h">
      <Filter>头文件</Filter>
    </ClInclude>
    <ClInclude Include="Ext\fbxsdk\include\fbxsdk\fileio\fbxglobalsettings.h">
      <Filter>头文件</Filter>
    </ClInclude>
    <ClInclude Include="Ext\fbxsdk\include\fbxsdk\fileio\fbxgobo.h">
      <Filter>头文件</Filter>
    </ClInclude>
    <ClInclude Include="Ext\fbxsdk\include\fbxsdk\fileio\fbximporter.h">
      <Filter>头文件</Filter>
    </ClInclude>
    <ClInclude Include="Ext\fbxsdk\include\fbxsdk\fileio\fbxiobase.h">
      <Filter>头文件</Filter>
    </ClInclude>
    <ClInclude Include="Ext\fbxsdk\include\fbxsdk\fileio\fbxiopluginregistry.h">
      <Filter>头文件</Filter>
    </ClInclude>
    <ClInclude Include="Ext\fbxsdk\include\fbxsdk\fileio\fbxiosettings.h">
      <Filter>头文件</Filter>
    </ClInclude>
    <ClInclude Include="Ext\fbxsdk\include\fbxsdk\fileio\fbxiosettingspath.h">
      <Filter>头文件</Filter>
    </ClInclude>
    <ClInclude Include="Ext\fbxsdk\include\fbxsdk\fileio\fbxprogress.h">
      <Filter>头文件</Filter>
    </ClInclude>
    <ClInclude Include="Ext\fbxsdk\include\fbxsdk\fileio\fbxreader.h">
      <Filter>头文件</Filter>
    </ClInclude>
    <ClInclude Include="Ext\fbxsdk\include\fbxsdk\fileio\fbxstatistics.h">
      <Filter>头文件</Filter>
    </ClInclude>
    <ClInclude Include="Ext\fbxsdk\include\fbxsdk\fileio\fbxstatisticsfbx.h">
      <Filter>头文件</Filter>
    </ClInclude>
    <ClInclude Include="Ext\fbxsdk\include\fbxsdk\fileio\fbxwriter.h">
      <Filter>头文件</Filter>
    </ClInclude>
    <ClInclude Include="Ext\fbxsdk\include\fbxsdk\scene\animation\fbxanimcurve.h">
      <Filter>头文件</Filter>
    </ClInclude>
    <ClInclude Include="Ext\fbxsdk\include\fbxsdk\scene\animation\fbxanimcurvebase.h">
      <Filter>头文件</Filter>
    </ClInclude>
    <ClInclude Include="Ext\fbxsdk\include\fbxsdk\scene\animation\fbxanimcurvefilters.h">
      <Filter>头文件</Filter>
    </ClInclude>
    <ClInclude Include="Ext\fbxsdk\include\fbxsdk\scene\animation\fbxanimcurvenode.h">
      <Filter>头文件</Filter>
    </ClInclude>
    <ClInclude Include="Ext\fbxsdk\include\fbxsdk\scene\animation\fbxanimevalclassic.h">
      <Filter>头文件</Filter>
    </ClInclude>
    <ClInclude Include="Ext\fbxsdk\include\fbxsdk\scene\animation\fbxanimevalstate.h">
      <Filter>头文件</Filter>
    </ClInclude>
    <ClInclude Include="Ext\fbxsdk\include\fbxsdk\scene\animation\fbxanimevaluator.h">
      <Filter>头文件</Filter>
    </ClInclude>
    <ClInclude Include="Ext\fbxsdk\include\fbxsdk\scene\animation\fbxanimlayer.h">
      <Filter>头文件</Filter>
    </ClInclude>
    <ClInclude Include="Ext\fbxsdk\include\fbxsdk\scene\animation\fbxanimstack.h">
      <Filter>头文件</Filter>
    </ClInclude>
    <ClInclude Include="Ext\fbxsdk\include\fbxsdk\scene\animation\fbxanimutilities.h">
      <Filter>头文件</Filter>
    </ClInclude>
    <ClInclude Include="Ext\fbxsdk\include\fbxsdk\scene\constraint\fbxcharacter.h">
      <Filter>头文件</Filter>
    </ClInclude>
    <ClInclude Include="Ext\fbxsdk\include\fbxsdk\scene\constraint\fbxcharacternodename.h">
      <Filter>头文件</Filter>
    </ClInclude>
    <ClInclude Include="Ext\fbxsdk\include\fbxsdk\scene\constraint\fbxcharacterpose.h">
      <Filter>头文件</Filter>
    </ClInclude>
    <ClInclude Include="Ext\fbxsdk\include\fbxsdk\scene\constraint\fbxconstraint.h">
      <Filter>头文件</Filter>
    </ClInclude>
    <ClInclude Include="Ext\fbxsdk\include\fbxsdk\scene\constraint\fbxconstraintaim.h">
      <Filter>头文件</Filter>
    </ClInclude>
    <ClInclude Include="Ext\fbxsdk\include\fbxsdk\scene\constraint\fbxconstraintcustom.h">
      <Filter>头文件</Filter>
    </ClInclude>
    <ClInclude Include="Ext\fbxsdk\include\fbxsdk\scene\constraint\fbxconstraintparent.h">
      <Filter>头文件</Filter>
    </ClInclude>
    <ClInclude Include="Ext\fbxsdk\include\fbxsdk\scene\constraint\fbxconstraintposition.h">
      <Filter>头文件</Filter>
    </ClInclude>
    <ClInclude Include="Ext\fbxsdk\include\fbxsdk\scene\constraint\fbxconstraintrotation.h">
      <Filter>头文件</Filter>
    </ClInclude>
    <ClInclude Include="Ext\fbxsdk\include\fbxsdk\scene\constraint\fbxconstraintscale.h">
      <Filter>头文件</Filter>
    </ClInclude>
    <ClInclude Include="Ext\fbxsdk\include\fbxsdk\scene\constraint\fbxconstraintsinglechainik.h">
      <Filter>头文件</Filter>
    </ClInclude>
    <ClInclude Include="Ext\fbxsdk\include\fbxsdk\scene\constraint\fbxconstraintutils.h">
      <Filter>头文件</Filter>
    </ClInclude>
    <ClInclude Include="Ext\fbxsdk\include\fbxsdk\scene\constraint\fbxcontrolset.h">
      <Filter>头文件</Filter>
    </ClInclude>
    <ClInclude Include="Ext\fbxsdk\include\fbxsdk\scene\constraint\fbxhik2fbxcharacter.h">
      <Filter>头文件</Filter>
    </ClInclude>
    <ClInclude Include="Ext\fbxsdk\include\fbxsdk\scene\geometry\fbxblendshape.h">
      <Filter>头文件</Filter>
    </ClInclude>
    <ClInclude Include="Ext\fbxsdk\include\fbxsdk\scene\geometry\fbxblendshapechannel.h">
      <Filter>头文件</Filter>
    </ClInclude>
    <ClInclude Include="Ext\fbxsdk\include\fbxsdk\scene\geometry\fbxcache.h">
      <Filter>头文件</Filter>
    </ClInclude>
    <ClInclude Include="Ext\fbxsdk\include\fbxsdk\scene\geometry\fbxcachedeffect.h">
      <Filter>头文件</Filter>
    </ClInclude>
    <ClInclude Include="Ext\fbxsdk\include\fbxsdk\scene\geometry\fbxcamera.h">
      <Filter>头文件</Filter>
    </ClInclude>
    <ClInclude Include="Ext\fbxsdk\include\fbxsdk\scene\geometry\fbxcamerastereo.h">
      <Filter>头文件</Filter>
    </ClInclude>
    <ClInclude Include="Ext\fbxsdk\include\fbxsdk\scene\geometry\fbxcameraswitcher.h">
      <Filter>头文件</Filter>
    </ClInclude>
    <ClInclude Include="Ext\fbxsdk\include\fbxsdk\scene\geometry\fbxcluster.h">
      <Filter>头文件</Filter>
    </ClInclude>
    <ClInclude Include="Ext\fbxsdk\include\fbxsdk\scene\geometry\fbxdeformer.h">
      <Filter>头文件</Filter>
    </ClInclude>
    <ClInclude Include="Ext\fbxsdk\include\fbxsdk\scene\geometry\fbxgenericnode.h">
      <Filter>头文件</Filter>
    </ClInclude>
    <ClInclude Include="Ext\fbxsdk\include\fbxsdk\scene\geometry\fbxgeometry.h">
      <Filter>头文件</Filter>
    </ClInclude>
    <ClInclude Include="Ext\fbxsdk\include\fbxsdk\scene\geometry\fbxgeometrybase.h">
      <Filter>头文件</Filter>
    </ClInclude>
    <ClInclude Include="Ext\fbxsdk\include\fbxsdk\scene\geometry\fbxgeometryweightedmap.h">
      <Filter>头文件</Filter>
    </ClInclude>
    <ClInclude Include="Ext\fbxsdk\include\fbxsdk\scene\geometry\fbxlayer.h">
      <Filter>头文件</Filter>
    </ClInclude>
    <ClInclude Include="Ext\fbxsdk\include\fbxsdk\scene\geometry\fbxlayercontainer.h">
      <Filter>头文件</Filter>
    </ClInclude>
    <ClInclude Include="Ext\fbxsdk\include\fbxsdk\scene\geometry\fbxlight.h">
      <Filter>头文件</Filter>
    </ClInclude>
    <ClInclude Include="Ext\fbxsdk\include\fbxsdk\scene\geometry\fbxlimitsutilities.h">
      <Filter>头文件</Filter>
    </ClInclude>
    <ClInclude Include="Ext\fbxsdk\include\fbxsdk\scene\geometry\fbxline.h">
      <Filter>头文件</Filter>
    </ClInclude>
    <ClInclude Include="Ext\fbxsdk\include\fbxsdk\scene\geometry\fbxlodgroup.h">
      <Filter>头文件</Filter>
    </ClInclude>
    <ClInclude Include="Ext\fbxsdk\include\fbxsdk\scene\geometry\fbxmarker.h">
      <Filter>头文件</Filter>
    </ClInclude>
    <ClInclude Include="Ext\fbxsdk\include\fbxsdk\scene\geometry\fbxmesh.h">
      <Filter>头文件</Filter>
    </ClInclude>
    <ClInclude Include="Ext\fbxsdk\include\fbxsdk\scene\geometry\fbxnode.h">
      <Filter>头文件</Filter>
    </ClInclude>
    <ClInclude Include="Ext\fbxsdk\include\fbxsdk\scene\geometry\fbxnodeattribute.h">
      <Filter>头文件</Filter>
    </ClInclude>
    <ClInclude Include="Ext\fbxsdk\include\fbxsdk\scene\geometry\fbxnull.h">
      <Filter>头文件</Filter>
    </ClInclude>
    <ClInclude Include="Ext\fbxsdk\include\fbxsdk\scene\geometry\fbxnurbs.h">
      <Filter>头文件</Filter>
    </ClInclude>
    <ClInclude Include="Ext\fbxsdk\include\fbxsdk\scene\geometry\fbxnurbscurve.h">
      <Filter>头文件</Filter>
    </ClInclude>
    <ClInclude Include="Ext\fbxsdk\include\fbxsdk\scene\geometry\fbxnurbssurface.h">
      <Filter>头文件</Filter>
    </ClInclude>
    <ClInclude Include="Ext\fbxsdk\include\fbxsdk\scene\geometry\fbxopticalreference.h">
      <Filter>头文件</Filter>
    </ClInclude>
    <ClInclude Include="Ext\fbxsdk\include\fbxsdk\scene\geometry\fbxpatch.h">
      <Filter>头文件</Filter>
    </ClInclude>
    <ClInclude Include="Ext\fbxsdk\include\fbxsdk\scene\geometry\fbxproceduralgeometry.h">
      <Filter>头文件</Filter>
    </ClInclude>
    <ClInclude Include="Ext\fbxsdk\include\fbxsdk\scene\geometry\fbxshape.h">
      <Filter>头文件</Filter>
    </ClInclude>
    <ClInclude Include="Ext\fbxsdk\include\fbxsdk\scene\geometry\fbxskeleton.h">
      <Filter>头文件</Filter>
    </ClInclude>
    <ClInclude Include="Ext\fbxsdk\include\fbxsdk\scene\geometry\fbxskin.h">
      <Filter>头文件</Filter>
    </ClInclude>
    <ClInclude Include="Ext\fbxsdk\include\fbxsdk\scene\geometry\fbxsubdeformer.h">
      <Filter>头文件</Filter>
    </ClInclude>
    <ClInclude Include="Ext\fbxsdk\include\fbxsdk\scene\geometry\fbxsubdiv.h">
      <Filter>头文件</Filter>
    </ClInclude>
    <ClInclude Include="Ext\fbxsdk\include\fbxsdk\scene\geometry\fbxtrimnurbssurface.h">
      <Filter>头文件</Filter>
    </ClInclude>
    <ClInclude Include="Ext\fbxsdk\include\fbxsdk\scene\geometry\fbxvertexcachedeformer.h">
      <Filter>头文件</Filter>
    </ClInclude>
    <ClInclude Include="Ext\fbxsdk\include\fbxsdk\scene\geometry\fbxweightedmapping.h">
      <Filter>头文件</Filter>
    </ClInclude>
    <ClInclude Include="Ext\fbxsdk\include\fbxsdk\scene\shading\fbxbindingoperator.h">
      <Filter>头文件</Filter>
    </ClInclude>
    <ClInclude Include="Ext\fbxsdk\include\fbxsdk\scene\shading\fbxbindingsentryview.h">
      <Filter>头文件</Filter>
    </ClInclude>
    <ClInclude Include="Ext\fbxsdk\include\fbxsdk\scene\shading\fbxbindingtable.h">
      <Filter>头文件</Filter>
    </ClInclude>
    <ClInclude Include="Ext\fbxsdk\include\fbxsdk\scene\shading\fbxbindingtablebase.h">
      <Filter>头文件</Filter>
    </ClInclude>
    <ClInclude Include="Ext\fbxsdk\include\fbxsdk\scene\shading\fbxbindingtableentry.h">
      <Filter>头文件</Filter>
    </ClInclude>
    <ClInclude Include="Ext\fbxsdk\include\fbxsdk\scene\shading\fbxconstantentryview.h">
      <Filter>头文件</Filter>
    </ClInclude>
    <ClInclude Include="Ext\fbxsdk\include\fbxsdk\scene\shading\fbxentryview.h">
      <Filter>头文件</Filter>
    </ClInclude>
    <ClInclude Include="Ext\fbxsdk\include\fbxsdk\scene\shading\fbxfiletexture.h">
      <Filter>头文件</Filter>
    </ClInclude>
    <ClInclude Include="Ext\fbxsdk\include\fbxsdk\scene\shading\fbximplementation.h">
      <Filter>头文件</Filter>
    </ClInclude>
    <ClInclude Include="Ext\fbxsdk\include\fbxsdk\scene\shading\fbximplementationfilter.h">
      <Filter>头文件</Filter>
    </ClInclude>
    <ClInclude Include="Ext\fbxsdk\include\fbxsdk\scene\shading\fbximplementationutils.h">
      <Filter>头文件</Filter>
    </ClInclude>
    <ClInclude Include="Ext\fbxsdk\include\fbxsdk\scene\shading\fbxlayeredtexture.h">
      <Filter>头文件</Filter>
    </ClInclude>
    <ClInclude Include="Ext\fbxsdk\include\fbxsdk\scene\shading\fbxlayerentryview.h">
      <Filter>头文件</Filter>
    </ClInclude>
    <ClInclude Include="Ext\fbxsdk\include\fbxsdk\scene\shading\fbxoperatorentryview.h">
      <Filter>头文件</Filter>
    </ClInclude>
    <ClInclude Include="Ext\fbxsdk\include\fbxsdk\scene\shading\fbxproceduraltexture.h">
      <Filter>头文件</Filter>
    </ClInclude>
    <ClInclude Include="Ext\fbxsdk\include\fbxsdk\scene\shading\fbxpropertyentryview.h">
      <Filter>头文件</Filter>
    </ClInclude>
    <ClInclude Include="Ext\fbxsdk\include\fbxsdk\scene\shading\fbxsemanticentryview.h">
      <Filter>头文件</Filter>
    </ClInclude>
    <ClInclude Include="Ext\fbxsdk\include\fbxsdk\scene\shading\fbxshadingconventions.h">
      <Filter>头文件</Filter>
    </ClInclude>
    <ClInclude Include="Ext\fbxsdk\include\fbxsdk\scene\shading\fbxsurfacelambert.h">
      <Filter>头文件</Filter>
    </ClInclude>
    <ClInclude Include="Ext\fbxsdk\include\fbxsdk\scene\shading\fbxsurfacematerial.h">
      <Filter>头文件</Filter>
    </ClInclude>
    <ClInclude Include="Ext\fbxsdk\include\fbxsdk\scene\shading\fbxsurfacematerialutils.h">
      <Filter>头文件</Filter>
    </ClInclude>
    <ClInclude Include="Ext\fbxsdk\include\fbxsdk\scene\shading\fbxsurfacephong.h">
      <Filter>头文件</Filter>
    </ClInclude>
    <ClInclude Include="Ext\fbxsdk\include\fbxsdk\scene\shading\fbxtexture.h">
      <Filter>头文件</Filter>
    </ClInclude>
    <ClInclude Include="Ext\fbxsdk\include\fbxsdk\scene\fbxaudio.h">
      <Filter>头文件</Filter>
    </ClInclude>
    <ClInclude Include="Ext\fbxsdk\include\fbxsdk\scene\fbxaudiolayer.h">
      <Filter>头文件</Filter>
    </ClInclude>
    <ClInclude Include="Ext\fbxsdk\include\fbxsdk\scene\fbxaxissystem.h">
      <Filter>头文件</Filter>
    </ClInclude>
    <ClInclude Include="Ext\fbxsdk\include\fbxsdk\scene\fbxcollection.h">
      <Filter>头文件</Filter>
    </ClInclude>
    <ClInclude Include="Ext\fbxsdk\include\fbxsdk\scene\fbxcollectionexclusive.h">
      <Filter>头文件</Filter>
    </ClInclude>
    <ClInclude Include="Ext\fbxsdk\include\fbxsdk\scene\fbxcontainer.h">
      <Filter>头文件</Filter>
    </ClInclude>
    <ClInclude Include="Ext\fbxsdk\include\fbxsdk\scene\fbxcontainertemplate.h">
      <Filter>头文件</Filter>
    </ClInclude>
    <ClInclude Include="Ext\fbxsdk\include\fbxsdk\scene\fbxdisplaylayer.h">
      <Filter>头文件</Filter>
    </ClInclude>
    <ClInclude Include="Ext\fbxsdk\include\fbxsdk\scene\fbxdocument.h">
      <Filter>头文件</Filter>
    </ClInclude>
    <ClInclude Include="Ext\fbxsdk\include\fbxsdk\scene\fbxdocumentinfo.h">
      <Filter>头文件</Filter>
    </ClInclude>
    <ClInclude Include="Ext\fbxsdk\include\fbxsdk\scene\fbxenvironment.h">
      <Filter>头文件</Filter>
    </ClInclude>
    <ClInclude Include="Ext\fbxsdk\include\fbxsdk\scene\fbxgroupname.h">
      <Filter>头文件</Filter>
    </ClInclude>
    <ClInclude Include="Ext\fbxsdk\include\fbxsdk\scene\fbxlibrary.h">
      <Filter>头文件</Filter>
    </ClInclude>
    <ClInclude Include="Ext\fbxsdk\include\fbxsdk\scene\fbxmediaclip.h">
      <Filter>头文件</Filter>
    </ClInclude>
    <ClInclude Include="Ext\fbxsdk\include\fbxsdk\scene\fbxobjectfilter.h">
      <Filter>头文件</Filter>
    </ClInclude>
    <ClInclude Include="Ext\fbxsdk\include\fbxsdk\scene\fbxobjectmetadata.h">
      <Filter>头文件</Filter>
    </ClInclude>
    <ClInclude Include="Ext\fbxsdk\include\fbxsdk\scene\fbxobjectscontainer.h">
      <Filter>头文件</Filter>
    </ClInclude>
    <ClInclude Include="Ext\fbxsdk\include\fbxsdk\scene\fbxpose.h">
      <Filter>头文件</Filter>
    </ClInclude>
    <ClInclude Include="Ext\fbxsdk\include\fbxsdk\scene\fbxreference.h">
      <Filter>头文件</Filter>
    </ClInclude>
    <ClInclude Include="Ext\fbxsdk\include\fbxsdk\scene\fbxscene.h">
      <Filter>头文件</Filter>
    </ClInclude>
    <ClInclude Include="Ext\fbxsdk\include\fbxsdk\scene\fbxselectionnode.h">
      <Filter>头文件</Filter>
    </ClInclude>
    <ClInclude Include="Ext\fbxsdk\include\fbxsdk\scene\fbxselectionset.h">
      <Filter>头文件</Filter>
    </ClInclude>
    <ClInclude Include="Ext\fbxsdk\include\fbxsdk\scene\fbxtakeinfo.h">
      <Filter>头文件</Filter>
    </ClInclude>
    <ClInclude Include="Ext\fbxsdk\include\fbxsdk\scene\fbxthumbnail.h">
      <Filter>头文件</Filter>
    </ClInclude>
    <ClInclude Include="Ext\fbxsdk\include\fbxsdk\scene\fbxvideo.h">
      <Filter>头文件</Filter>
    </ClInclude>
    <ClInclude Include="Ext\fbxsdk\include\fbxsdk\utils\fbxclonemanager.h">
      <Filter>头文件</Filter>
    </ClInclude>
    <ClInclude Include="Ext\fbxsdk\include\fbxsdk\utils\fbxdeformationsevaluator.h">
      <Filter>头文件</Filter>
    </ClInclude>
    <ClInclude Include="Ext\fbxsdk\include\fbxsdk\utils\fbxembeddedfilesaccumulator.h">
      <Filter>头文件</Filter>
    </ClInclude>
    <ClInclude Include="Ext\fbxsdk\include\fbxsdk\utils\fbxgeometryconverter.h">
      <Filter>头文件</Filter>
    </ClInclude>
    <ClInclude Include="Ext\fbxsdk\include\fbxsdk\utils\fbxmanipulators.h">
      <Filter>头文件</Filter>
    </ClInclude>
    <ClInclude Include="Ext\fbxsdk\include\fbxsdk\utils\fbxmaterialconverter.h">
      <Filter>头文件</Filter>
    </ClInclude>
    <ClInclude Include="Ext\fbxsdk\include\fbxsdk\utils\fbxnamehandler.h">
      <Filter>头文件</Filter>
    </ClInclude>
    <ClInclude Include="Ext\fbxsdk\include\fbxsdk\utils\fbxprocessor.h">
      <Filter>头文件</Filter>
    </ClInclude>
    <ClInclude Include="Ext\fbxsdk\include\fbxsdk\utils\fbxprocessorshaderdependency.h">
      <Filter>头文件</Filter>
    </ClInclude>
    <ClInclude Include="Ext\fbxsdk\include\fbxsdk\utils\fbxprocessorxref.h">
      <Filter>头文件</Filter>
    </ClInclude>
    <ClInclude Include="Ext\fbxsdk\include\fbxsdk\utils\fbxprocessorxrefuserlib.h">
      <Filter>头文件</Filter>
    </ClInclude>
    <ClInclude Include="Ext\fbxsdk\include\fbxsdk\utils\fbxrenamingstrategy.h">
      <Filter>头文件</Filter>
    </ClInclude>
    <ClInclude Include="Ext\fbxsdk\include\fbxsdk\utils\fbxrenamingstrategybase.h">
      <Filter>头文件</Filter>
    </ClInclude>
    <ClInclude Include="Ext\fbxsdk\include\fbxsdk\utils\fbxrenamingstrategyfbx5.h">
      <Filter>头文件</Filter>
    </ClInclude>
    <ClInclude Include="Ext\fbxsdk\include\fbxsdk\utils\fbxrenamingstrategyfbx6.h">
      <Filter>头文件</Filter>
    </ClInclude>
    <ClInclude Include="Ext\fbxsdk\include\fbxsdk\utils\fbxrenamingstrategyfbx7.h">
      <Filter>头文件</Filter>
    </ClInclude>
    <ClInclude Include="Ext\fbxsdk\include\fbxsdk\utils\fbxrenamingstrategyutilities.h">
      <Filter>头文件</Filter>
    </ClInclude>
    <ClInclude Include="Ext\fbxsdk\include\fbxsdk\utils\fbxrootnodeutility.h">
      <Filter>头文件</Filter>
    </ClInclude>
    <ClInclude Include="Ext\fbxsdk\include\fbxsdk\utils\fbxscenecheckutility.h">
      <Filter>头文件</Filter>
    </ClInclude>
    <ClInclude Include="Ext\fbxsdk\include\fbxsdk\utils\fbxusernotification.h">
      <Filter>头文件</Filter>
    </ClInclude>
    <ClInclude Include="Ext\fbxsdk\include\fbxsdk\fbxsdk_def.h">
      <Filter>头文件</Filter>
    </ClInclude>
    <ClInclude Include="Ext\fbxsdk\include\fbxsdk\fbxsdk_nsbegin.h">
      <Filter>头文件</Filter>
    </ClInclude>
    <ClInclude Include="Ext\fbxsdk\include\fbxsdk\fbxsdk_nsend.h">
      <Filter>头文件</Filter>
    </ClInclude>
    <ClInclude Include="Ext\fbxsdk\include\fbxsdk\fbxsdk_version.h">
      <Filter>头文件</Filter>
    </ClInclude>
    <ClInclude Include="Ext\fbxsdk\include\libxml2\libxml\c14n.h">
      <Filter>头文件</Filter>
    </ClInclude>
    <ClInclude Include="Ext\fbxsdk\include\libxml2\libxml\catalog.h">
      <Filter>头文件</Filter>
    </ClInclude>
    <ClInclude Include="Ext\fbxsdk\include\libxml2\libxml\chvalid.h">
      <Filter>头文件</Filter>
    </ClInclude>
    <ClInclude Include="Ext\fbxsdk\include\libxml2\libxml\debugXML.h">
      <Filter>头文件</Filter>
    </ClInclude>
    <ClInclude Include="Ext\fbxsdk\include\libxml2\libxml\dict.h">
      <Filter>头文件</Filter>
    </ClInclude>
    <ClInclude Include="Ext\fbxsdk\include\libxml2\libxml\DOCBparser.h">
      <Filter>头文件</Filter>
    </ClInclude>
    <ClInclude Include="Ext\fbxsdk\include\libxml2\libxml\encoding.h">
      <Filter>头文件</Filter>
    </ClInclude>
    <ClInclude Include="Ext\fbxsdk\include\libxml2\libxml\entities.h">
      <Filter>头文件</Filter>
    </ClInclude>
    <ClInclude Include="Ext\fbxsdk\include\libxml2\libxml\globals.h">
      <Filter>头文件</Filter>
    </ClInclude>
    <ClInclude Include="Ext\fbxsdk\include\libxml2\libxml\hash.h">
      <Filter>头文件</Filter>
    </ClInclude>
    <ClInclude Include="Ext\fbxsdk\include\libxml2\libxml\HTMLparser.h">
      <Filter>头文件</Filter>
    </ClInclude>
    <ClInclude Include="Ext\fbxsdk\include\libxml2\libxml\HTMLtree.h">
      <Filter>头文件</Filter>
    </ClInclude>
    <ClInclude Include="Ext\fbxsdk\include\libxml2\libxml\list.h">
      <Filter>头文件</Filter>
    </ClInclude>
    <ClInclude Include="Ext\fbxsdk\include\libxml2\libxml\nanoftp.h">
      <Filter>头文件</Filter>
    </ClInclude>
    <ClInclude Include="Ext\fbxsdk\include\libxml2\libxml\nanohttp.h">
      <Filter>头文件</Filter>
    </ClInclude>
    <ClInclude Include="Ext\fbxsdk\include\libxml2\libxml\parser.h">
      <Filter>头文件</Filter>
    </ClInclude>
    <ClInclude Include="Ext\fbxsdk\include\libxml2\libxml\parserInternals.h">
      <Filter>头文件</Filter>
    </ClInclude>
    <ClInclude Include="Ext\fbxsdk\include\libxml2\libxml\pattern.h">
      <Filter>头文件</Filter>
    </ClInclude>
    <ClInclude Include="Ext\fbxsdk\include\libxml2\libxml\relaxng.h">
      <Filter>头文件</Filter>
    </ClInclude>
    <ClInclude Include="Ext\fbxsdk\include\libxml2\libxml\SAX.h">
      <Filter>头文件</Filter>
    </ClInclude>
    <ClInclude Include="Ext\fbxsdk\include\libxml2\libxml\SAX2.h">
      <Filter>头文件</Filter>
    </ClInclude>
    <ClInclude Include="Ext\fbxsdk\include\libxml2\libxml\schemasInternals.h">
      <Filter>头文件</Filter>
    </ClInclude>
    <ClInclude Include="Ext\fbxsdk\include\libxml2\libxml\schematron.h">
      <Filter>头文件</Filter>
    </ClInclude>
    <ClInclude Include="Ext\fbxsdk\include\libxml2\libxml\threads.h">
      <Filter>头文件</Filter>
    </ClInclude>
    <ClInclude Include="Ext\fbxsdk\include\libxml2\libxml\tree.h">
      <Filter>头文件</Filter>
    </ClInclude>
    <ClInclude Include="Ext\fbxsdk\include\libxml2\libxml\uri.h">
      <Filter>头文件</Filter>
    </ClInclude>
    <ClInclude Include="Ext\fbxsdk\include\libxml2\libxml\valid.h">
      <Filter>头文件</Filter>
    </ClInclude>
    <ClInclude Include="Ext\fbxsdk\include\libxml2\libxml\xinclude.h">
      <Filter>头文件</Filter>
    </ClInclude>
    <ClInclude Include="Ext\fbxsdk\include\libxml2\libxml\xlink.h">
      <Filter>头文件</Filter>
    </ClInclude>
    <ClInclude Include="Ext\fbxsdk\include\libxml2\libxml\xmlautomata.h">
      <Filter>头文件</Filter>
    </ClInclude>
    <ClInclude Include="Ext\fbxsdk\include\libxml2\libxml\xmlerror.h">
      <Filter>头文件</Filter>
    </ClInclude>
    <ClInclude Include="Ext\fbxsdk\include\libxml2\libxml\xmlexports.h">
      <Filter>头文件</Filter>
    </ClInclude>
    <ClInclude Include="Ext\fbxsdk\include\libxml2\libxml\xmlIO.h">
      <Filter>头文件</Filter>
    </ClInclude>
    <ClInclude Include="Ext\fbxsdk\include\libxml2\libxml\xmlmemory.h">
      <Filter>头文件</Filter>
    </ClInclude>
    <ClInclude Include="Ext\fbxsdk\include\libxml2\libxml\xmlmodule.h">
      <Filter>头文件</Filter>
    </ClInclude>
    <ClInclude Include="Ext\fbxsdk\include\libxml2\libxml\xmlreader.h">
      <Filter>头文件</Filter>
    </ClInclude>
    <ClInclude Include="Ext\fbxsdk\include\libxml2\libxml\xmlregexp.h">
      <Filter>头文件</Filter>
    </ClInclude>
    <ClInclude Include="Ext\fbxsdk\include\libxml2\libxml\xmlsave.h">
      <Filter>头文件</Filter>
    </ClInclude>
    <ClInclude Include="Ext\fbxsdk\include\libxml2\libxml\xmlschemas.h">
      <Filter>头文件</Filter>
    </ClInclude>
    <ClInclude Include="Ext\fbxsdk\include\libxml2\libxml\xmlschemastypes.h">
      <Filter>头文件</Filter>
    </ClInclude>
    <ClInclude Include="Ext\fbxsdk\include\libxml2\libxml\xmlstring.h">
      <Filter>头文件</Filter>
    </ClInclude>
    <ClInclude Include="Ext\fbxsdk\include\libxml2\libxml\xmlunicode.h">
      <Filter>头文件</Filter>
    </ClInclude>
    <ClInclude Include="Ext\fbxsdk\include\libxml2\libxml\xmlversion.h">
      <Filter>头文件</Filter>
    </ClInclude>
    <ClInclude Include="Ext\fbxsdk\include\libxml2\libxml\xmlwin32version.h">
      <Filter>头文件</Filter>
    </ClInclude>
    <ClInclude Include="Ext\fbxsdk\include\libxml2\libxml\xmlwriter.h">
      <Filter>头文件</Filter>
    </ClInclude>
    <ClInclude Include="Ext\fbxsdk\include\libxml2\libxml\xpath.h">
      <Filter>头文件</Filter>
    </ClInclude>
    <ClInclude Include="Ext\fbxsdk\include\libxml2\libxml\xpathInternals.h">
      <Filter>头文件</Filter>
    </ClInclude>
    <ClInclude Include="Ext\fbxsdk\include\libxml2\libxml\xpointer.h">
      <Filter>头文件</Filter>
    </ClInclude>
    <ClInclude Include="Ext\fbxsdk\include\fbxsdk.h">
      <Filter>头文件</Filter>
    </ClInclude>
    <ClInclude Include="Inc\Framework\Parser\AssetParser.h">
      <Filter>头文件</Filter>
    </ClInclude>
    <ClInclude Include="Ext\fbxsdk\include\fbxsdk\core\arch\fbxalloc.h">
      <Filter>头文件</Filter>
    </ClInclude>
    <ClInclude Include="Ext\fbxsdk\include\fbxsdk\core\arch\fbxarch.h">
      <Filter>头文件</Filter>
    </ClInclude>
    <ClInclude Include="Ext\fbxsdk\include\fbxsdk\core\arch\fbxdebug.h">
      <Filter>头文件</Filter>
    </ClInclude>
    <ClInclude Include="Ext\fbxsdk\include\fbxsdk\core\arch\fbxnew.h">
      <Filter>头文件</Filter>
    </ClInclude>
    <ClInclude Include="Ext\fbxsdk\include\fbxsdk\core\arch\fbxstdcompliant.h">
      <Filter>头文件</Filter>
    </ClInclude>
    <ClInclude Include="Ext\fbxsdk\include\fbxsdk\core\arch\fbxtypes.h">
      <Filter>头文件</Filter>
    </ClInclude>
    <ClInclude Include="Ext\fbxsdk\include\fbxsdk\core\base\fbxarray.h">
      <Filter>头文件</Filter>
    </ClInclude>
    <ClInclude Include="Ext\fbxsdk\include\fbxsdk\core\base\fbxbitset.h">
      <Filter>头文件</Filter>
    </ClInclude>
    <ClInclude Include="Ext\fbxsdk\include\fbxsdk\core\base\fbxcharptrset.h">
      <Filter>头文件</Filter>
    </ClInclude>
    <ClInclude Include="Ext\fbxsdk\include\fbxsdk\core\base\fbxcontainerallocators.h">
      <Filter>头文件</Filter>
    </ClInclude>
    <ClInclude Include="Ext\fbxsdk\include\fbxsdk\core\base\fbxdynamicarray.h">
      <Filter>头文件</Filter>
    </ClInclude>
    <ClInclude Include="Ext\fbxsdk\include\fbxsdk\core\base\fbxfile.h">
      <Filter>头文件</Filter>
    </ClInclude>
    <ClInclude Include="Ext\fbxsdk\include\fbxsdk\core\base\fbxfolder.h">
      <Filter>头文件</Filter>
    </ClInclude>
    <ClInclude Include="Ext\fbxsdk\include\fbxsdk\core\base\fbxhashmap.h">
      <Filter>头文件</Filter>
    </ClInclude>
    <ClInclude Include="Ext\fbxsdk\include\fbxsdk\core\base\fbxintrusivelist.h">
      <Filter>头文件</Filter>
    </ClInclude>
    <ClInclude Include="Ext\fbxsdk\include\fbxsdk\core\base\fbxmap.h">
      <Filter>头文件</Filter>
    </ClInclude>
    <ClInclude Include="Ext\fbxsdk\include\fbxsdk\core\base\fbxmemorypool.h">
      <Filter>头文件</Filter>
    </ClInclude>
    <ClInclude Include="Ext\fbxsdk\include\fbxsdk\core\base\fbxmultimap.h">
      <Filter>头文件</Filter>
    </ClInclude>
    <ClInclude Include="Ext\fbxsdk\include\fbxsdk\core\base\fbxpair.h">
      <Filter>头文件</Filter>
    </ClInclude>
    <ClInclude Include="Ext\fbxsdk\include\fbxsdk\core\base\fbxredblacktree.h">
      <Filter>头文件</Filter>
    </ClInclude>
    <ClInclude Include="Ext\fbxsdk\include\fbxsdk\core\base\fbxset.h">
      <Filter>头文件</Filter>
    </ClInclude>
    <ClInclude Include="Ext\fbxsdk\include\fbxsdk\core\base\fbxstatus.h">
      <Filter>头文件</Filter>
    </ClInclude>
    <ClInclude Include="Ext\fbxsdk\include\fbxsdk\core\base\fbxstring.h">
      <Filter>头文件</Filter>
    </ClInclude>
    <ClInclude Include="Ext\fbxsdk\include\fbxsdk\core\base\fbxstringlist.h">
      <Filter>头文件</Filter>
    </ClInclude>
    <ClInclude Include="Ext\fbxsdk\include\fbxsdk\core\base\fbxtime.h">
      <Filter>头文件</Filter>
    </ClInclude>
    <ClInclude Include="Ext\fbxsdk\include\fbxsdk\core\base\fbxtimecode.h">
      <Filter>头文件</Filter>
    </ClInclude>
    <ClInclude Include="Ext\fbxsdk\include\fbxsdk\core\base\fbxutils.h">
      <Filter>头文件</Filter>
    </ClInclude>
    <ClInclude Include="Ext\fbxsdk\include\fbxsdk\core\math\fbxaffinematrix.h">
      <Filter>头文件</Filter>
    </ClInclude>
    <ClInclude Include="Ext\fbxsdk\include\fbxsdk\core\math\fbxdualquaternion.h">
      <Filter>头文件</Filter>
    </ClInclude>
    <ClInclude Include="Ext\fbxsdk\include\fbxsdk\core\math\fbxmath.h">
      <Filter>头文件</Filter>
    </ClInclude>
    <ClInclude Include="Ext\fbxsdk\include\fbxsdk\core\math\fbxmatrix.h">
      <Filter>头文件</Filter>
    </ClInclude>
    <ClInclude Include="Ext\fbxsdk\include\fbxsdk\core\math\fbxquaternion.h">
      <Filter>头文件</Filter>
    </ClInclude>
    <ClInclude Include="Ext\fbxsdk\include\fbxsdk\core\math\fbxtransforms.h">
      <Filter>头文件</Filter>
    </ClInclude>
    <ClInclude Include="Ext\fbxsdk\include\fbxsdk\core\math\fbxvector2.h">
      <Filter>头文件</Filter>
    </ClInclude>
    <ClInclude Include="Ext\fbxsdk\include\fbxsdk\core\math\fbxvector4.h">
      <Filter>头文件</Filter>
    </ClInclude>
    <ClInclude Include="Ext\fbxsdk\include\fbxsdk\core\sync\fbxatomic.h">
      <Filter>头文件</Filter>
    </ClInclude>
    <ClInclude Include="Ext\fbxsdk\include\fbxsdk\core\sync\fbxclock.h">
      <Filter>头文件</Filter>
    </ClInclude>
    <ClInclude Include="Ext\fbxsdk\include\fbxsdk\core\sync\fbxsync.h">
      <Filter>头文件</Filter>
    </ClInclude>
    <ClInclude Include="Ext\fbxsdk\include\fbxsdk\core\sync\fbxthread.h">
      <Filter>头文件</Filter>
    </ClInclude>
    <ClInclude Include="Ext\fbxsdk\include\fbxsdk\core\fbxclassid.h">
      <Filter>头文件</Filter>
    </ClInclude>
    <ClInclude Include="Ext\fbxsdk\include\fbxsdk\core\fbxconnectionpoint.h">
      <Filter>头文件</Filter>
    </ClInclude>
    <ClInclude Include="Ext\fbxsdk\include\fbxsdk\core\fbxdatatypes.h">
      <Filter>头文件</Filter>
    </ClInclude>
    <ClInclude Include="Ext\fbxsdk\include\fbxsdk\core\fbxemitter.h">
      <Filter>头文件</Filter>
    </ClInclude>
    <ClInclude Include="Ext\fbxsdk\include\fbxsdk\core\fbxevent.h">
      <Filter>头文件</Filter>
    </ClInclude>
    <ClInclude Include="Ext\fbxsdk\include\fbxsdk\core\fbxeventhandler.h">
      <Filter>头文件</Filter>
    </ClInclude>
    <ClInclude Include="Ext\fbxsdk\include\fbxsdk\core\fbxlistener.h">
      <Filter>头文件</Filter>
    </ClInclude>
    <ClInclude Include="Ext\fbxsdk\include\fbxsdk\core\fbxloadingstrategy.h">
      <Filter>头文件</Filter>
    </ClInclude>
    <ClInclude Include="Ext\fbxsdk\include\fbxsdk\core\fbxmanager.h">
      <Filter>头文件</Filter>
    </ClInclude>
    <ClInclude Include="Ext\fbxsdk\include\fbxsdk\core\fbxmodule.h">
      <Filter>头文件</Filter>
    </ClInclude>
    <ClInclude Include="Ext\fbxsdk\include\fbxsdk\core\fbxobject.h">
      <Filter>头文件</Filter>
    </ClInclude>
    <ClInclude Include="Ext\fbxsdk\include\fbxsdk\core\fbxperipheral.h">
      <Filter>头文件</Filter>
    </ClInclude>
    <ClInclude Include="Ext\fbxsdk\include\fbxsdk\core\fbxplugin.h">
      <Filter>头文件</Filter>
    </ClInclude>
    <ClInclude Include="Ext\fbxsdk\include\fbxsdk\core\fbxplugincontainer.h">
      <Filter>头文件</Filter>
    </ClInclude>
    <ClInclude Include="Ext\fbxsdk\include\fbxsdk\core\fbxproperty.h">
      <Filter>头文件</Filter>
    </ClInclude>
    <ClInclude Include="Ext\fbxsdk\include\fbxsdk\core\fbxpropertydef.h">
      <Filter>头文件</Filter>
    </ClInclude>
    <ClInclude Include="Ext\fbxsdk\include\fbxsdk\core\fbxpropertyhandle.h">
      <Filter>头文件</Filter>
    </ClInclude>
    <ClInclude Include="Ext\fbxsdk\include\fbxsdk\core\fbxpropertypage.h">
      <Filter>头文件</Filter>
    </ClInclude>
    <ClInclude Include="Ext\fbxsdk\include\fbxsdk\core\fbxpropertytypes.h">
      <Filter>头文件</Filter>
    </ClInclude>
    <ClInclude Include="Ext\fbxsdk\include\fbxsdk\core\fbxquery.h">
      <Filter>头文件</Filter>
    </ClInclude>
    <ClInclude Include="Ext\fbxsdk\include\fbxsdk\core\fbxqueryevent.h">
      <Filter>头文件</Filter>
    </ClInclude>
    <ClInclude Include="Ext\fbxsdk\include\fbxsdk\core\fbxscopedloadingdirectory.h">
      <Filter>头文件</Filter>
    </ClInclude>
    <ClInclude Include="Ext\fbxsdk\include\fbxsdk\core\fbxscopedloadingfilename.h">
      <Filter>头文件</Filter>
    </ClInclude>
    <ClInclude Include="Ext\fbxsdk\include\fbxsdk\core\fbxstream.h">
      <Filter>头文件</Filter>
    </ClInclude>
    <ClInclude Include="Ext\fbxsdk\include\fbxsdk\core\fbxsymbol.h">
      <Filter>头文件</Filter>
    </ClInclude>
    <ClInclude Include="Ext\fbxsdk\include\fbxsdk\core\fbxsystemunit.h">
      <Filter>头文件</Filter>
    </ClInclude>
    <ClInclude Include="Ext\fbxsdk\include\fbxsdk\core\fbxxref.h">
      <Filter>头文件</Filter>
    </ClInclude>
    <ClInclude Include="Ext\fbxsdk\include\fbxsdk\fileio\collada\fbxcolladaanimationelement.h">
      <Filter>头文件</Filter>
    </ClInclude>
    <ClInclude Include="Ext\fbxsdk\include\fbxsdk\fileio\collada\fbxcolladaelement.h">
      <Filter>头文件</Filter>
    </ClInclude>
    <ClInclude Include="Ext\fbxsdk\include\fbxsdk\fileio\collada\fbxcolladaiostream.h">
      <Filter>头文件</Filter>
    </ClInclude>
    <ClInclude Include="Ext\fbxsdk\include\fbxsdk\fileio\collada\fbxcolladanamespace.h">
      <Filter>头文件</Filter>
    </ClInclude>
    <ClInclude Include="Ext\fbxsdk\include\fbxsdk\fileio\collada\fbxcolladatokens.h">
      <Filter>头文件</Filter>
    </ClInclude>
    <ClInclude Include="Ext\fbxsdk\include\fbxsdk\fileio\collada\fbxcolladautils.h">
      <Filter>头文件</Filter>
    </ClInclude>
    <ClInclude Include="Ext\fbxsdk\include\fbxsdk\fileio\collada\fbxreadercollada14.h">
      <Filter>头文件</Filter>
    </ClInclude>
    <ClInclude Include="Ext\fbxsdk\include\fbxsdk\fileio\collada\fbxwritercollada14.h">
      <Filter>头文件</Filter>
    </ClInclude>
    <ClInclude Include="Ext\fbxsdk\include\fbxsdk\fileio\fbx\fbxio.h">
      <Filter>头文件</Filter>
    </ClInclude>
    <ClInclude Include="Ext\fbxsdk\include\fbxsdk\fileio\fbx\fbxreaderfbx5.h">
      <Filter>头文件</Filter>
    </ClInclude>
    <ClInclude Include="Ext\fbxsdk\include\fbxsdk\fileio\fbx\fbxreaderfbx6.h">
      <Filter>头文件</Filter>
    </ClInclude>
    <ClInclude Include="Ext\fbxsdk\include\fbxsdk\fileio\fbx\fbxreaderfbx7.h">
      <Filter>头文件</Filter>
    </ClInclude>
    <ClInclude Include="Ext\fbxsdk\include\fbxsdk\fileio\fbx\fbxwriterfbx5.h">
      <Filter>头文件</Filter>
    </ClInclude>
    <ClInclude Include="Ext\fbxsdk\include\fbxsdk\fileio\fbx\fbxwriterfbx6.h">
      <Filter>头文件</Filter>
    </ClInclude>
    <ClInclude Include="Ext\fbxsdk\include\fbxsdk\fileio\fbx\fbxwriterfbx7.h">
      <Filter>头文件</Filter>
    </ClInclude>
    <ClInclude Include="Ext\fbxsdk\include\fbxsdk\fileio\fbxbase64coder.h">
      <Filter>头文件</Filter>
    </ClInclude>
    <ClInclude Include="Ext\fbxsdk\include\fbxsdk\fileio\fbxcallbacks.h">
      <Filter>头文件</Filter>
    </ClInclude>
    <ClInclude Include="Ext\fbxsdk\include\fbxsdk\fileio\fbxexporter.h">
      <Filter>头文件</Filter>
    </ClInclude>
    <ClInclude Include="Ext\fbxsdk\include\fbxsdk\fileio\fbxexternaldocreflistener.h">
      <Filter>头文件</Filter>
    </ClInclude>
    <ClInclude Include="Ext\fbxsdk\include\fbxsdk\fileio\fbxfiletokens.h">
      <Filter>头文件</Filter>
    </ClInclude>
    <ClInclude Include="Ext\fbxsdk\include\fbxsdk\fileio\fbxglobalcamerasettings.h">
      <Filter>头文件</Filter>
    </ClInclude>
    <ClInclude Include="Ext\fbxsdk\include\fbxsdk\fileio\fbxgloballightsettings.h">
      <Filter>头文件</Filter>
    </ClInclude>
    <ClInclude Include="Ext\fbxsdk\include\fbxsdk\fileio\fbxglobalsettings.h">
      <Filter>头文件</Filter>
    </ClInclude>
    <ClInclude Include="Ext\fbxsdk\include\fbxsdk\fileio\fbxgobo.h">
      <Filter>头文件</Filter>
    </ClInclude>
    <ClInclude Include="Ext\fbxsdk\include\fbxsdk\fileio\fbximporter.h">
      <Filter>头文件</Filter>
    </ClInclude>
    <ClInclude Include="Ext\fbxsdk\include\fbxsdk\fileio\fbxiobase.h">
      <Filter>头文件</Filter>
    </ClInclude>
    <ClInclude Include="Ext\fbxsdk\include\fbxsdk\fileio\fbxiopluginregistry.h">
      <Filter>头文件</Filter>
    </ClInclude>
    <ClInclude Include="Ext\fbxsdk\include\fbxsdk\fileio\fbxiosettings.h">
      <Filter>头文件</Filter>
    </ClInclude>
    <ClInclude Include="Ext\fbxsdk\include\fbxsdk\fileio\fbxiosettingspath.h">
      <Filter>头文件</Filter>
    </ClInclude>
    <ClInclude Include="Ext\fbxsdk\include\fbxsdk\fileio\fbxprogress.h">
      <Filter>头文件</Filter>
    </ClInclude>
    <ClInclude Include="Ext\fbxsdk\include\fbxsdk\fileio\fbxreader.h">
      <Filter>头文件</Filter>
    </ClInclude>
    <ClInclude Include="Ext\fbxsdk\include\fbxsdk\fileio\fbxstatistics.h">
      <Filter>头文件</Filter>
    </ClInclude>
    <ClInclude Include="Ext\fbxsdk\include\fbxsdk\fileio\fbxstatisticsfbx.h">
      <Filter>头文件</Filter>
    </ClInclude>
    <ClInclude Include="Ext\fbxsdk\include\fbxsdk\fileio\fbxwriter.h">
      <Filter>头文件</Filter>
    </ClInclude>
    <ClInclude Include="Ext\fbxsdk\include\fbxsdk\scene\animation\fbxanimcurve.h">
      <Filter>头文件</Filter>
    </ClInclude>
    <ClInclude Include="Ext\fbxsdk\include\fbxsdk\scene\animation\fbxanimcurvebase.h">
      <Filter>头文件</Filter>
    </ClInclude>
    <ClInclude Include="Ext\fbxsdk\include\fbxsdk\scene\animation\fbxanimcurvefilters.h">
      <Filter>头文件</Filter>
    </ClInclude>
    <ClInclude Include="Ext\fbxsdk\include\fbxsdk\scene\animation\fbxanimcurvenode.h">
      <Filter>头文件</Filter>
    </ClInclude>
    <ClInclude Include="Ext\fbxsdk\include\fbxsdk\scene\animation\fbxanimevalclassic.h">
      <Filter>头文件</Filter>
    </ClInclude>
    <ClInclude Include="Ext\fbxsdk\include\fbxsdk\scene\animation\fbxanimevalstate.h">
      <Filter>头文件</Filter>
    </ClInclude>
    <ClInclude Include="Ext\fbxsdk\include\fbxsdk\scene\animation\fbxanimevaluator.h">
      <Filter>头文件</Filter>
    </ClInclude>
    <ClInclude Include="Ext\fbxsdk\include\fbxsdk\scene\animation\fbxanimlayer.h">
      <Filter>头文件</Filter>
    </ClInclude>
    <ClInclude Include="Ext\fbxsdk\include\fbxsdk\scene\animation\fbxanimstack.h">
      <Filter>头文件</Filter>
    </ClInclude>
    <ClInclude Include="Ext\fbxsdk\include\fbxsdk\scene\animation\fbxanimutilities.h">
      <Filter>头文件</Filter>
    </ClInclude>
    <ClInclude Include="Ext\fbxsdk\include\fbxsdk\scene\constraint\fbxcharacter.h">
      <Filter>头文件</Filter>
    </ClInclude>
    <ClInclude Include="Ext\fbxsdk\include\fbxsdk\scene\constraint\fbxcharacternodename.h">
      <Filter>头文件</Filter>
    </ClInclude>
    <ClInclude Include="Ext\fbxsdk\include\fbxsdk\scene\constraint\fbxcharacterpose.h">
      <Filter>头文件</Filter>
    </ClInclude>
    <ClInclude Include="Ext\fbxsdk\include\fbxsdk\scene\constraint\fbxconstraint.h">
      <Filter>头文件</Filter>
    </ClInclude>
    <ClInclude Include="Ext\fbxsdk\include\fbxsdk\scene\constraint\fbxconstraintaim.h">
      <Filter>头文件</Filter>
    </ClInclude>
    <ClInclude Include="Ext\fbxsdk\include\fbxsdk\scene\constraint\fbxconstraintcustom.h">
      <Filter>头文件</Filter>
    </ClInclude>
    <ClInclude Include="Ext\fbxsdk\include\fbxsdk\scene\constraint\fbxconstraintparent.h">
      <Filter>头文件</Filter>
    </ClInclude>
    <ClInclude Include="Ext\fbxsdk\include\fbxsdk\scene\constraint\fbxconstraintposition.h">
      <Filter>头文件</Filter>
    </ClInclude>
    <ClInclude Include="Ext\fbxsdk\include\fbxsdk\scene\constraint\fbxconstraintrotation.h">
      <Filter>头文件</Filter>
    </ClInclude>
    <ClInclude Include="Ext\fbxsdk\include\fbxsdk\scene\constraint\fbxconstraintscale.h">
      <Filter>头文件</Filter>
    </ClInclude>
    <ClInclude Include="Ext\fbxsdk\include\fbxsdk\scene\constraint\fbxconstraintsinglechainik.h">
      <Filter>头文件</Filter>
    </ClInclude>
    <ClInclude Include="Ext\fbxsdk\include\fbxsdk\scene\constraint\fbxconstraintutils.h">
      <Filter>头文件</Filter>
    </ClInclude>
    <ClInclude Include="Ext\fbxsdk\include\fbxsdk\scene\constraint\fbxcontrolset.h">
      <Filter>头文件</Filter>
    </ClInclude>
    <ClInclude Include="Ext\fbxsdk\include\fbxsdk\scene\constraint\fbxhik2fbxcharacter.h">
      <Filter>头文件</Filter>
    </ClInclude>
    <ClInclude Include="Ext\fbxsdk\include\fbxsdk\scene\geometry\fbxblendshape.h">
      <Filter>头文件</Filter>
    </ClInclude>
    <ClInclude Include="Ext\fbxsdk\include\fbxsdk\scene\geometry\fbxblendshapechannel.h">
      <Filter>头文件</Filter>
    </ClInclude>
    <ClInclude Include="Ext\fbxsdk\include\fbxsdk\scene\geometry\fbxcache.h">
      <Filter>头文件</Filter>
    </ClInclude>
    <ClInclude Include="Ext\fbxsdk\include\fbxsdk\scene\geometry\fbxcachedeffect.h">
      <Filter>头文件</Filter>
    </ClInclude>
    <ClInclude Include="Ext\fbxsdk\include\fbxsdk\scene\geometry\fbxcamera.h">
      <Filter>头文件</Filter>
    </ClInclude>
    <ClInclude Include="Ext\fbxsdk\include\fbxsdk\scene\geometry\fbxcamerastereo.h">
      <Filter>头文件</Filter>
    </ClInclude>
    <ClInclude Include="Ext\fbxsdk\include\fbxsdk\scene\geometry\fbxcameraswitcher.h">
      <Filter>头文件</Filter>
    </ClInclude>
    <ClInclude Include="Ext\fbxsdk\include\fbxsdk\scene\geometry\fbxcluster.h">
      <Filter>头文件</Filter>
    </ClInclude>
    <ClInclude Include="Ext\fbxsdk\include\fbxsdk\scene\geometry\fbxdeformer.h">
      <Filter>头文件</Filter>
    </ClInclude>
    <ClInclude Include="Ext\fbxsdk\include\fbxsdk\scene\geometry\fbxgenericnode.h">
      <Filter>头文件</Filter>
    </ClInclude>
    <ClInclude Include="Ext\fbxsdk\include\fbxsdk\scene\geometry\fbxgeometry.h">
      <Filter>头文件</Filter>
    </ClInclude>
    <ClInclude Include="Ext\fbxsdk\include\fbxsdk\scene\geometry\fbxgeometrybase.h">
      <Filter>头文件</Filter>
    </ClInclude>
    <ClInclude Include="Ext\fbxsdk\include\fbxsdk\scene\geometry\fbxgeometryweightedmap.h">
      <Filter>头文件</Filter>
    </ClInclude>
    <ClInclude Include="Ext\fbxsdk\include\fbxsdk\scene\geometry\fbxlayer.h">
      <Filter>头文件</Filter>
    </ClInclude>
    <ClInclude Include="Ext\fbxsdk\include\fbxsdk\scene\geometry\fbxlayercontainer.h">
      <Filter>头文件</Filter>
    </ClInclude>
    <ClInclude Include="Ext\fbxsdk\include\fbxsdk\scene\geometry\fbxlight.h">
      <Filter>头文件</Filter>
    </ClInclude>
    <ClInclude Include="Ext\fbxsdk\include\fbxsdk\scene\geometry\fbxlimitsutilities.h">
      <Filter>头文件</Filter>
    </ClInclude>
    <ClInclude Include="Ext\fbxsdk\include\fbxsdk\scene\geometry\fbxline.h">
      <Filter>头文件</Filter>
    </ClInclude>
    <ClInclude Include="Ext\fbxsdk\include\fbxsdk\scene\geometry\fbxlodgroup.h">
      <Filter>头文件</Filter>
    </ClInclude>
    <ClInclude Include="Ext\fbxsdk\include\fbxsdk\scene\geometry\fbxmarker.h">
      <Filter>头文件</Filter>
    </ClInclude>
    <ClInclude Include="Ext\fbxsdk\include\fbxsdk\scene\geometry\fbxmesh.h">
      <Filter>头文件</Filter>
    </ClInclude>
    <ClInclude Include="Ext\fbxsdk\include\fbxsdk\scene\geometry\fbxnode.h">
      <Filter>头文件</Filter>
    </ClInclude>
    <ClInclude Include="Ext\fbxsdk\include\fbxsdk\scene\geometry\fbxnodeattribute.h">
      <Filter>头文件</Filter>
    </ClInclude>
    <ClInclude Include="Ext\fbxsdk\include\fbxsdk\scene\geometry\fbxnull.h">
      <Filter>头文件</Filter>
    </ClInclude>
    <ClInclude Include="Ext\fbxsdk\include\fbxsdk\scene\geometry\fbxnurbs.h">
      <Filter>头文件</Filter>
    </ClInclude>
    <ClInclude Include="Ext\fbxsdk\include\fbxsdk\scene\geometry\fbxnurbscurve.h">
      <Filter>头文件</Filter>
    </ClInclude>
    <ClInclude Include="Ext\fbxsdk\include\fbxsdk\scene\geometry\fbxnurbssurface.h">
      <Filter>头文件</Filter>
    </ClInclude>
    <ClInclude Include="Ext\fbxsdk\include\fbxsdk\scene\geometry\fbxopticalreference.h">
      <Filter>头文件</Filter>
    </ClInclude>
    <ClInclude Include="Ext\fbxsdk\include\fbxsdk\scene\geometry\fbxpatch.h">
      <Filter>头文件</Filter>
    </ClInclude>
    <ClInclude Include="Ext\fbxsdk\include\fbxsdk\scene\geometry\fbxproceduralgeometry.h">
      <Filter>头文件</Filter>
    </ClInclude>
    <ClInclude Include="Ext\fbxsdk\include\fbxsdk\scene\geometry\fbxshape.h">
      <Filter>头文件</Filter>
    </ClInclude>
    <ClInclude Include="Ext\fbxsdk\include\fbxsdk\scene\geometry\fbxskeleton.h">
      <Filter>头文件</Filter>
    </ClInclude>
    <ClInclude Include="Ext\fbxsdk\include\fbxsdk\scene\geometry\fbxskin.h">
      <Filter>头文件</Filter>
    </ClInclude>
    <ClInclude Include="Ext\fbxsdk\include\fbxsdk\scene\geometry\fbxsubdeformer.h">
      <Filter>头文件</Filter>
    </ClInclude>
    <ClInclude Include="Ext\fbxsdk\include\fbxsdk\scene\geometry\fbxsubdiv.h">
      <Filter>头文件</Filter>
    </ClInclude>
    <ClInclude Include="Ext\fbxsdk\include\fbxsdk\scene\geometry\fbxtrimnurbssurface.h">
      <Filter>头文件</Filter>
    </ClInclude>
    <ClInclude Include="Ext\fbxsdk\include\fbxsdk\scene\geometry\fbxvertexcachedeformer.h">
      <Filter>头文件</Filter>
    </ClInclude>
    <ClInclude Include="Ext\fbxsdk\include\fbxsdk\scene\geometry\fbxweightedmapping.h">
      <Filter>头文件</Filter>
    </ClInclude>
    <ClInclude Include="Ext\fbxsdk\include\fbxsdk\scene\shading\fbxbindingoperator.h">
      <Filter>头文件</Filter>
    </ClInclude>
    <ClInclude Include="Ext\fbxsdk\include\fbxsdk\scene\shading\fbxbindingsentryview.h">
      <Filter>头文件</Filter>
    </ClInclude>
    <ClInclude Include="Ext\fbxsdk\include\fbxsdk\scene\shading\fbxbindingtable.h">
      <Filter>头文件</Filter>
    </ClInclude>
    <ClInclude Include="Ext\fbxsdk\include\fbxsdk\scene\shading\fbxbindingtablebase.h">
      <Filter>头文件</Filter>
    </ClInclude>
    <ClInclude Include="Ext\fbxsdk\include\fbxsdk\scene\shading\fbxbindingtableentry.h">
      <Filter>头文件</Filter>
    </ClInclude>
    <ClInclude Include="Ext\fbxsdk\include\fbxsdk\scene\shading\fbxconstantentryview.h">
      <Filter>头文件</Filter>
    </ClInclude>
    <ClInclude Include="Ext\fbxsdk\include\fbxsdk\scene\shading\fbxentryview.h">
      <Filter>头文件</Filter>
    </ClInclude>
    <ClInclude Include="Ext\fbxsdk\include\fbxsdk\scene\shading\fbxfiletexture.h">
      <Filter>头文件</Filter>
    </ClInclude>
    <ClInclude Include="Ext\fbxsdk\include\fbxsdk\scene\shading\fbximplementation.h">
      <Filter>头文件</Filter>
    </ClInclude>
    <ClInclude Include="Ext\fbxsdk\include\fbxsdk\scene\shading\fbximplementationfilter.h">
      <Filter>头文件</Filter>
    </ClInclude>
    <ClInclude Include="Ext\fbxsdk\include\fbxsdk\scene\shading\fbximplementationutils.h">
      <Filter>头文件</Filter>
    </ClInclude>
    <ClInclude Include="Ext\fbxsdk\include\fbxsdk\scene\shading\fbxlayeredtexture.h">
      <Filter>头文件</Filter>
    </ClInclude>
    <ClInclude Include="Ext\fbxsdk\include\fbxsdk\scene\shading\fbxlayerentryview.h">
      <Filter>头文件</Filter>
    </ClInclude>
    <ClInclude Include="Ext\fbxsdk\include\fbxsdk\scene\shading\fbxoperatorentryview.h">
      <Filter>头文件</Filter>
    </ClInclude>
    <ClInclude Include="Ext\fbxsdk\include\fbxsdk\scene\shading\fbxproceduraltexture.h">
      <Filter>头文件</Filter>
    </ClInclude>
    <ClInclude Include="Ext\fbxsdk\include\fbxsdk\scene\shading\fbxpropertyentryview.h">
      <Filter>头文件</Filter>
    </ClInclude>
    <ClInclude Include="Ext\fbxsdk\include\fbxsdk\scene\shading\fbxsemanticentryview.h">
      <Filter>头文件</Filter>
    </ClInclude>
    <ClInclude Include="Ext\fbxsdk\include\fbxsdk\scene\shading\fbxshadingconventions.h">
      <Filter>头文件</Filter>
    </ClInclude>
    <ClInclude Include="Ext\fbxsdk\include\fbxsdk\scene\shading\fbxsurfacelambert.h">
      <Filter>头文件</Filter>
    </ClInclude>
    <ClInclude Include="Ext\fbxsdk\include\fbxsdk\scene\shading\fbxsurfacematerial.h">
      <Filter>头文件</Filter>
    </ClInclude>
    <ClInclude Include="Ext\fbxsdk\include\fbxsdk\scene\shading\fbxsurfacematerialutils.h">
      <Filter>头文件</Filter>
    </ClInclude>
    <ClInclude Include="Ext\fbxsdk\include\fbxsdk\scene\shading\fbxsurfacephong.h">
      <Filter>头文件</Filter>
    </ClInclude>
    <ClInclude Include="Ext\fbxsdk\include\fbxsdk\scene\shading\fbxtexture.h">
      <Filter>头文件</Filter>
    </ClInclude>
    <ClInclude Include="Ext\fbxsdk\include\fbxsdk\scene\fbxaudio.h">
      <Filter>头文件</Filter>
    </ClInclude>
    <ClInclude Include="Ext\fbxsdk\include\fbxsdk\scene\fbxaudiolayer.h">
      <Filter>头文件</Filter>
    </ClInclude>
    <ClInclude Include="Ext\fbxsdk\include\fbxsdk\scene\fbxaxissystem.h">
      <Filter>头文件</Filter>
    </ClInclude>
    <ClInclude Include="Ext\fbxsdk\include\fbxsdk\scene\fbxcollection.h">
      <Filter>头文件</Filter>
    </ClInclude>
    <ClInclude Include="Ext\fbxsdk\include\fbxsdk\scene\fbxcollectionexclusive.h">
      <Filter>头文件</Filter>
    </ClInclude>
    <ClInclude Include="Ext\fbxsdk\include\fbxsdk\scene\fbxcontainer.h">
      <Filter>头文件</Filter>
    </ClInclude>
    <ClInclude Include="Ext\fbxsdk\include\fbxsdk\scene\fbxcontainertemplate.h">
      <Filter>头文件</Filter>
    </ClInclude>
    <ClInclude Include="Ext\fbxsdk\include\fbxsdk\scene\fbxdisplaylayer.h">
      <Filter>头文件</Filter>
    </ClInclude>
    <ClInclude Include="Ext\fbxsdk\include\fbxsdk\scene\fbxdocument.h">
      <Filter>头文件</Filter>
    </ClInclude>
    <ClInclude Include="Ext\fbxsdk\include\fbxsdk\scene\fbxdocumentinfo.h">
      <Filter>头文件</Filter>
    </ClInclude>
    <ClInclude Include="Ext\fbxsdk\include\fbxsdk\scene\fbxenvironment.h">
      <Filter>头文件</Filter>
    </ClInclude>
    <ClInclude Include="Ext\fbxsdk\include\fbxsdk\scene\fbxgroupname.h">
      <Filter>头文件</Filter>
    </ClInclude>
    <ClInclude Include="Ext\fbxsdk\include\fbxsdk\scene\fbxlibrary.h">
      <Filter>头文件</Filter>
    </ClInclude>
    <ClInclude Include="Ext\fbxsdk\include\fbxsdk\scene\fbxmediaclip.h">
      <Filter>头文件</Filter>
    </ClInclude>
    <ClInclude Include="Ext\fbxsdk\include\fbxsdk\scene\fbxobjectfilter.h">
      <Filter>头文件</Filter>
    </ClInclude>
    <ClInclude Include="Ext\fbxsdk\include\fbxsdk\scene\fbxobjectmetadata.h">
      <Filter>头文件</Filter>
    </ClInclude>
    <ClInclude Include="Ext\fbxsdk\include\fbxsdk\scene\fbxobjectscontainer.h">
      <Filter>头文件</Filter>
    </ClInclude>
    <ClInclude Include="Ext\fbxsdk\include\fbxsdk\scene\fbxpose.h">
      <Filter>头文件</Filter>
    </ClInclude>
    <ClInclude Include="Ext\fbxsdk\include\fbxsdk\scene\fbxreference.h">
      <Filter>头文件</Filter>
    </ClInclude>
    <ClInclude Include="Ext\fbxsdk\include\fbxsdk\scene\fbxscene.h">
      <Filter>头文件</Filter>
    </ClInclude>
    <ClInclude Include="Ext\fbxsdk\include\fbxsdk\scene\fbxselectionnode.h">
      <Filter>头文件</Filter>
    </ClInclude>
    <ClInclude Include="Ext\fbxsdk\include\fbxsdk\scene\fbxselectionset.h">
      <Filter>头文件</Filter>
    </ClInclude>
    <ClInclude Include="Ext\fbxsdk\include\fbxsdk\scene\fbxtakeinfo.h">
      <Filter>头文件</Filter>
    </ClInclude>
    <ClInclude Include="Ext\fbxsdk\include\fbxsdk\scene\fbxthumbnail.h">
      <Filter>头文件</Filter>
    </ClInclude>
    <ClInclude Include="Ext\fbxsdk\include\fbxsdk\scene\fbxvideo.h">
      <Filter>头文件</Filter>
    </ClInclude>
    <ClInclude Include="Ext\fbxsdk\include\fbxsdk\utils\fbxclonemanager.h">
      <Filter>头文件</Filter>
    </ClInclude>
    <ClInclude Include="Ext\fbxsdk\include\fbxsdk\utils\fbxdeformationsevaluator.h">
      <Filter>头文件</Filter>
    </ClInclude>
    <ClInclude Include="Ext\fbxsdk\include\fbxsdk\utils\fbxembeddedfilesaccumulator.h">
      <Filter>头文件</Filter>
    </ClInclude>
    <ClInclude Include="Ext\fbxsdk\include\fbxsdk\utils\fbxgeometryconverter.h">
      <Filter>头文件</Filter>
    </ClInclude>
    <ClInclude Include="Ext\fbxsdk\include\fbxsdk\utils\fbxmanipulators.h">
      <Filter>头文件</Filter>
    </ClInclude>
    <ClInclude Include="Ext\fbxsdk\include\fbxsdk\utils\fbxmaterialconverter.h">
      <Filter>头文件</Filter>
    </ClInclude>
    <ClInclude Include="Ext\fbxsdk\include\fbxsdk\utils\fbxnamehandler.h">
      <Filter>头文件</Filter>
    </ClInclude>
    <ClInclude Include="Ext\fbxsdk\include\fbxsdk\utils\fbxprocessor.h">
      <Filter>头文件</Filter>
    </ClInclude>
    <ClInclude Include="Ext\fbxsdk\include\fbxsdk\utils\fbxprocessorshaderdependency.h">
      <Filter>头文件</Filter>
    </ClInclude>
    <ClInclude Include="Ext\fbxsdk\include\fbxsdk\utils\fbxprocessorxref.h">
      <Filter>头文件</Filter>
    </ClInclude>
    <ClInclude Include="Ext\fbxsdk\include\fbxsdk\utils\fbxprocessorxrefuserlib.h">
      <Filter>头文件</Filter>
    </ClInclude>
    <ClInclude Include="Ext\fbxsdk\include\fbxsdk\utils\fbxrenamingstrategy.h">
      <Filter>头文件</Filter>
    </ClInclude>
    <ClInclude Include="Ext\fbxsdk\include\fbxsdk\utils\fbxrenamingstrategybase.h">
      <Filter>头文件</Filter>
    </ClInclude>
    <ClInclude Include="Ext\fbxsdk\include\fbxsdk\utils\fbxrenamingstrategyfbx5.h">
      <Filter>头文件</Filter>
    </ClInclude>
    <ClInclude Include="Ext\fbxsdk\include\fbxsdk\utils\fbxrenamingstrategyfbx6.h">
      <Filter>头文件</Filter>
    </ClInclude>
    <ClInclude Include="Ext\fbxsdk\include\fbxsdk\utils\fbxrenamingstrategyfbx7.h">
      <Filter>头文件</Filter>
    </ClInclude>
    <ClInclude Include="Ext\fbxsdk\include\fbxsdk\utils\fbxrenamingstrategyutilities.h">
      <Filter>头文件</Filter>
    </ClInclude>
    <ClInclude Include="Ext\fbxsdk\include\fbxsdk\utils\fbxrootnodeutility.h">
      <Filter>头文件</Filter>
    </ClInclude>
    <ClInclude Include="Ext\fbxsdk\include\fbxsdk\utils\fbxscenecheckutility.h">
      <Filter>头文件</Filter>
    </ClInclude>
    <ClInclude Include="Ext\fbxsdk\include\fbxsdk\utils\fbxusernotification.h">
      <Filter>头文件</Filter>
    </ClInclude>
    <ClInclude Include="Ext\fbxsdk\include\fbxsdk\fbxsdk_def.h">
      <Filter>头文件</Filter>
    </ClInclude>
    <ClInclude Include="Ext\fbxsdk\include\fbxsdk\fbxsdk_nsbegin.h">
      <Filter>头文件</Filter>
    </ClInclude>
    <ClInclude Include="Ext\fbxsdk\include\fbxsdk\fbxsdk_nsend.h">
      <Filter>头文件</Filter>
    </ClInclude>
    <ClInclude Include="Ext\fbxsdk\include\fbxsdk\fbxsdk_version.h">
      <Filter>头文件</Filter>
    </ClInclude>
    <ClInclude Include="Ext\fbxsdk\include\libxml2\libxml\c14n.h">
      <Filter>头文件</Filter>
    </ClInclude>
    <ClInclude Include="Ext\fbxsdk\include\libxml2\libxml\catalog.h">
      <Filter>头文件</Filter>
    </ClInclude>
    <ClInclude Include="Ext\fbxsdk\include\libxml2\libxml\chvalid.h">
      <Filter>头文件</Filter>
    </ClInclude>
    <ClInclude Include="Ext\fbxsdk\include\libxml2\libxml\debugXML.h">
      <Filter>头文件</Filter>
    </ClInclude>
    <ClInclude Include="Ext\fbxsdk\include\libxml2\libxml\dict.h">
      <Filter>头文件</Filter>
    </ClInclude>
    <ClInclude Include="Ext\fbxsdk\include\libxml2\libxml\DOCBparser.h">
      <Filter>头文件</Filter>
    </ClInclude>
    <ClInclude Include="Ext\fbxsdk\include\libxml2\libxml\encoding.h">
      <Filter>头文件</Filter>
    </ClInclude>
    <ClInclude Include="Ext\fbxsdk\include\libxml2\libxml\entities.h">
      <Filter>头文件</Filter>
    </ClInclude>
    <ClInclude Include="Ext\fbxsdk\include\libxml2\libxml\globals.h">
      <Filter>头文件</Filter>
    </ClInclude>
    <ClInclude Include="Ext\fbxsdk\include\libxml2\libxml\hash.h">
      <Filter>头文件</Filter>
    </ClInclude>
    <ClInclude Include="Ext\fbxsdk\include\libxml2\libxml\HTMLparser.h">
      <Filter>头文件</Filter>
    </ClInclude>
    <ClInclude Include="Ext\fbxsdk\include\libxml2\libxml\HTMLtree.h">
      <Filter>头文件</Filter>
    </ClInclude>
    <ClInclude Include="Ext\fbxsdk\include\libxml2\libxml\list.h">
      <Filter>头文件</Filter>
    </ClInclude>
    <ClInclude Include="Ext\fbxsdk\include\libxml2\libxml\nanoftp.h">
      <Filter>头文件</Filter>
    </ClInclude>
    <ClInclude Include="Ext\fbxsdk\include\libxml2\libxml\nanohttp.h">
      <Filter>头文件</Filter>
    </ClInclude>
    <ClInclude Include="Ext\fbxsdk\include\libxml2\libxml\parser.h">
      <Filter>头文件</Filter>
    </ClInclude>
    <ClInclude Include="Ext\fbxsdk\include\libxml2\libxml\parserInternals.h">
      <Filter>头文件</Filter>
    </ClInclude>
    <ClInclude Include="Ext\fbxsdk\include\libxml2\libxml\pattern.h">
      <Filter>头文件</Filter>
    </ClInclude>
    <ClInclude Include="Ext\fbxsdk\include\libxml2\libxml\relaxng.h">
      <Filter>头文件</Filter>
    </ClInclude>
    <ClInclude Include="Ext\fbxsdk\include\libxml2\libxml\SAX.h">
      <Filter>头文件</Filter>
    </ClInclude>
    <ClInclude Include="Ext\fbxsdk\include\libxml2\libxml\SAX2.h">
      <Filter>头文件</Filter>
    </ClInclude>
    <ClInclude Include="Ext\fbxsdk\include\libxml2\libxml\schemasInternals.h">
      <Filter>头文件</Filter>
    </ClInclude>
    <ClInclude Include="Ext\fbxsdk\include\libxml2\libxml\schematron.h">
      <Filter>头文件</Filter>
    </ClInclude>
    <ClInclude Include="Ext\fbxsdk\include\libxml2\libxml\threads.h">
      <Filter>头文件</Filter>
    </ClInclude>
    <ClInclude Include="Ext\fbxsdk\include\libxml2\libxml\tree.h">
      <Filter>头文件</Filter>
    </ClInclude>
    <ClInclude Include="Ext\fbxsdk\include\libxml2\libxml\uri.h">
      <Filter>头文件</Filter>
    </ClInclude>
    <ClInclude Include="Ext\fbxsdk\include\libxml2\libxml\valid.h">
      <Filter>头文件</Filter>
    </ClInclude>
    <ClInclude Include="Ext\fbxsdk\include\libxml2\libxml\xinclude.h">
      <Filter>头文件</Filter>
    </ClInclude>
    <ClInclude Include="Ext\fbxsdk\include\libxml2\libxml\xlink.h">
      <Filter>头文件</Filter>
    </ClInclude>
    <ClInclude Include="Ext\fbxsdk\include\libxml2\libxml\xmlautomata.h">
      <Filter>头文件</Filter>
    </ClInclude>
    <ClInclude Include="Ext\fbxsdk\include\libxml2\libxml\xmlerror.h">
      <Filter>头文件</Filter>
    </ClInclude>
    <ClInclude Include="Ext\fbxsdk\include\libxml2\libxml\xmlexports.h">
      <Filter>头文件</Filter>
    </ClInclude>
    <ClInclude Include="Ext\fbxsdk\include\libxml2\libxml\xmlIO.h">
      <Filter>头文件</Filter>
    </ClInclude>
    <ClInclude Include="Ext\fbxsdk\include\libxml2\libxml\xmlmemory.h">
      <Filter>头文件</Filter>
    </ClInclude>
    <ClInclude Include="Ext\fbxsdk\include\libxml2\libxml\xmlmodule.h">
      <Filter>头文件</Filter>
    </ClInclude>
    <ClInclude Include="Ext\fbxsdk\include\libxml2\libxml\xmlreader.h">
      <Filter>头文件</Filter>
    </ClInclude>
    <ClInclude Include="Ext\fbxsdk\include\libxml2\libxml\xmlregexp.h">
      <Filter>头文件</Filter>
    </ClInclude>
    <ClInclude Include="Ext\fbxsdk\include\libxml2\libxml\xmlsave.h">
      <Filter>头文件</Filter>
    </ClInclude>
    <ClInclude Include="Ext\fbxsdk\include\libxml2\libxml\xmlschemas.h">
      <Filter>头文件</Filter>
    </ClInclude>
    <ClInclude Include="Ext\fbxsdk\include\libxml2\libxml\xmlschemastypes.h">
      <Filter>头文件</Filter>
    </ClInclude>
    <ClInclude Include="Ext\fbxsdk\include\libxml2\libxml\xmlstring.h">
      <Filter>头文件</Filter>
    </ClInclude>
    <ClInclude Include="Ext\fbxsdk\include\libxml2\libxml\xmlunicode.h">
      <Filter>头文件</Filter>
    </ClInclude>
    <ClInclude Include="Ext\fbxsdk\include\libxml2\libxml\xmlversion.h">
      <Filter>头文件</Filter>
    </ClInclude>
    <ClInclude Include="Ext\fbxsdk\include\libxml2\libxml\xmlwin32version.h">
      <Filter>头文件</Filter>
    </ClInclude>
    <ClInclude Include="Ext\fbxsdk\include\libxml2\libxml\xmlwriter.h">
      <Filter>头文件</Filter>
    </ClInclude>
    <ClInclude Include="Ext\fbxsdk\include\libxml2\libxml\xpath.h">
      <Filter>头文件</Filter>
    </ClInclude>
    <ClInclude Include="Ext\fbxsdk\include\libxml2\libxml\xpathInternals.h">
      <Filter>头文件</Filter>
    </ClInclude>
    <ClInclude Include="Ext\fbxsdk\include\libxml2\libxml\xpointer.h">
      <Filter>头文件</Filter>
    </ClInclude>
    <ClInclude Include="Ext\fbxsdk\include\fbxsdk.h">
      <Filter>头文件</Filter>
    </ClInclude>
    <ClInclude Include="Inc\Render\Texture.h">
      <Filter>头文件</Filter>
    </ClInclude>
    <ClInclude Include="Inc\RHI\DX12\D3DTexture.h">
      <Filter>头文件</Filter>
    </ClInclude>
    <ClInclude Include="Ext\stb\stb_c_lexer.h">
      <Filter>头文件</Filter>
    </ClInclude>
    <ClInclude Include="Ext\stb\stb_connected_components.h">
      <Filter>头文件</Filter>
    </ClInclude>
    <ClInclude Include="Ext\stb\stb_divide.h">
      <Filter>头文件</Filter>
    </ClInclude>
    <ClInclude Include="Ext\stb\stb_ds.h">
      <Filter>头文件</Filter>
    </ClInclude>
    <ClInclude Include="Ext\stb\stb_dxt.h">
      <Filter>头文件</Filter>
    </ClInclude>
    <ClInclude Include="Ext\stb\stb_easy_font.h">
      <Filter>头文件</Filter>
    </ClInclude>
    <ClInclude Include="Ext\stb\stb_herringbone_wang_tile.h">
      <Filter>头文件</Filter>
    </ClInclude>
    <ClInclude Include="Ext\stb\stb_hexwave.h">
      <Filter>头文件</Filter>
    </ClInclude>
    <ClInclude Include="Ext\stb\stb_image.h">
      <Filter>头文件</Filter>
    </ClInclude>
    <ClInclude Include="Ext\stb\stb_image_resize.h">
      <Filter>头文件</Filter>
    </ClInclude>
    <ClInclude Include="Ext\stb\stb_image_write.h">
      <Filter>头文件</Filter>
    </ClInclude>
    <ClInclude Include="Ext\stb\stb_include.h">
      <Filter>头文件</Filter>
    </ClInclude>
    <ClInclude Include="Ext\stb\stb_leakcheck.h">
      <Filter>头文件</Filter>
    </ClInclude>
    <ClInclude Include="Ext\stb\stb_perlin.h">
      <Filter>头文件</Filter>
    </ClInclude>
    <ClInclude Include="Ext\stb\stb_rect_pack.h">
      <Filter>头文件</Filter>
    </ClInclude>
    <ClInclude Include="Ext\stb\stb_sprintf.h">
      <Filter>头文件</Filter>
    </ClInclude>
    <ClInclude Include="Ext\stb\stb_textedit.h">
      <Filter>头文件</Filter>
    </ClInclude>
    <ClInclude Include="Ext\stb\stb_tilemap_editor.h">
      <Filter>头文件</Filter>
    </ClInclude>
    <ClInclude Include="Ext\stb\stb_truetype.h">
      <Filter>头文件</Filter>
    </ClInclude>
    <ClInclude Include="Ext\stb\stb_voxel_render.h">
      <Filter>头文件</Filter>
    </ClInclude>
    <ClInclude Include="Inc\Framework\Parser\PngParser.h">
      <Filter>头文件</Filter>
    </ClInclude>
    <ClInclude Include="Inc\Framework\Parser\TgaParser.h">
      <Filter>头文件</Filter>
    </ClInclude>
    <ClInclude Include="Inc\RHI\DX12\D3DCommandBuffer.h">
      <Filter>头文件</Filter>
    </ClInclude>
    <ClInclude Include="Inc\Objects\Actor.h">
      <Filter>头文件</Filter>
    </ClInclude>
    <ClInclude Include="Inc\Objects\Component.h">
      <Filter>头文件</Filter>
    </ClInclude>
    <ClInclude Include="Inc\Objects\TransformComponent.h">
      <Filter>头文件</Filter>
    </ClInclude>
    <ClInclude Include="Inc\Render\RenderingData.h">
      <Filter>头文件</Filter>
    </ClInclude>
    <ClInclude Include="Inc\Framework\Common\Reflect.h">
      <Filter>头文件</Filter>
    </ClInclude>
    <ClInclude Include="Inc\Objects\SceneActor.h">
      <Filter>头文件</Filter>
    </ClInclude>
    <ClInclude Include="Inc\Objects\LightComponent.h">
      <Filter>头文件</Filter>
    </ClInclude>
    <ClInclude Include="Inc\Objects\CommonActor.h">
      <Filter>头文件</Filter>
    </ClInclude>
    <ClInclude Include="Inc\Framework\Common\SceneMgr.h">
      <Filter>头文件</Filter>
    </ClInclude>
    <ClInclude Include="Inc\Objects\StaticMeshComponent.h">
      <Filter>头文件</Filter>
    </ClInclude>
    <ClInclude Include="Inc\Framework\Math\Transform.h">
      <Filter>头文件</Filter>
    </ClInclude>
    <ClInclude Include="Inc\Framework\Common\ResourceMgr.h">
      <Filter>头文件</Filter>
    </ClInclude>
    <ClInclude Include="Inc\Render\Gizmo.h">
      <Filter>头文件</Filter>
    </ClInclude>
    <ClInclude Include="Inc\Framework\Common\Asset.h">
      <Filter>头文件</Filter>
    </ClInclude>
    <ClInclude Include="Inc\Framework\Math\Guid.h">
      <Filter>头文件</Filter>
    </ClInclude>
    <ClInclude Include="Inc\Objects\Object.h">
      <Filter>头文件</Filter>
    </ClInclude>
    <ClInclude Include="Inc\Framework\Common\Path.h">
      <Filter>头文件</Filter>
    </ClInclude>
    <ClInclude Include="Inc\Framework\Math\AABB.h">
      <Filter>头文件</Filter>
    </ClInclude>
    <ClInclude Include="Inc\Framework\ImGui\ImGUIDLL.h">
      <Filter>头文件</Filter>
    </ClInclude>
    <ClInclude Include="Inc\Objects\CameraComponent.h">
      <Filter>头文件</Filter>
    </ClInclude>
    <ClInclude Include="Inc\Render\PipelineState.h">
      <Filter>头文件</Filter>
    </ClInclude>
    <ClInclude Include="Inc\Render\Pass\RenderPass.h">
      <Filter>头文件</Filter>
    </ClInclude>
    <ClInclude Include="Inc\Render\CommandBuffer.h">
      <Filter>头文件</Filter>
    </ClInclude>
    <ClInclude Include="Inc\Render\RenderQueue.h">
      <Filter>头文件</Filter>
    </ClInclude>
    <ClInclude Include="Inc\Framework\Parser\HDRParser.h">
      <Filter>头文件</Filter>
    </ClInclude>
  </ItemGroup>
  <ItemGroup>
    <ClCompile Include="dllmain.cpp">
      <Filter>源文件</Filter>
    </ClCompile>
    <ClCompile Include="Src\pch.cpp">
      <Filter>源文件</Filter>
    </ClCompile>
    <ClCompile Include="Ailu.cpp">
      <Filter>源文件</Filter>
    </ClCompile>
    <ClCompile Include="Src\Framework\Common\LogMgr.cpp">
      <Filter>源文件</Filter>
    </ClCompile>
    <ClCompile Include="Src\Render\Renderer.cpp">
      <Filter>源文件</Filter>
    </ClCompile>
    <ClCompile Include="Src\RHI\DX12\D3DContext.cpp">
      <Filter>源文件</Filter>
    </ClCompile>
    <ClCompile Include="Src\Platform\WinWindow.cpp">
      <Filter>源文件</Filter>
    </ClCompile>
    <ClCompile Include="Src\Framework\Common\Application.cpp">
      <Filter>源文件</Filter>
    </ClCompile>
    <ClCompile Include="Src\Framework\Events\Layer.cpp">
      <Filter>源文件</Filter>
    </ClCompile>
    <ClCompile Include="Src\Framework\Events\LayerStack.cpp">
      <Filter>源文件</Filter>
    </ClCompile>
    <ClCompile Include="Src\Framework\ImGui\ImGUILayer.cpp">
      <Filter>源文件</Filter>
    </ClCompile>
    <ClCompile Include="Ext\imgui\imgui.cpp">
      <Filter>源文件</Filter>
    </ClCompile>
    <ClCompile Include="Ext\imgui\imgui_demo.cpp">
      <Filter>源文件</Filter>
    </ClCompile>
    <ClCompile Include="Ext\imgui\imgui_draw.cpp">
      <Filter>源文件</Filter>
    </ClCompile>
    <ClCompile Include="Ext\imgui\imgui_tables.cpp">
      <Filter>源文件</Filter>
    </ClCompile>
    <ClCompile Include="Ext\imgui\imgui_widgets.cpp">
      <Filter>源文件</Filter>
    </ClCompile>
    <ClCompile Include="Ext\imgui\backends\imgui_impl_win32.cpp">
      <Filter>源文件</Filter>
    </ClCompile>
    <ClCompile Include="Src\Framework\Common\TimeMgr.cpp">
      <Filter>源文件</Filter>
    </ClCompile>
    <ClCompile Include="Src\Platform\WinInput.cpp">
      <Filter>源文件</Filter>
    </ClCompile>
    <ClCompile Include="Ext\imgui\backends\imgui_impl_dx12.cpp">
      <Filter>源文件</Filter>
    </ClCompile>
    <ClCompile Include="Src\Render\Camera.cpp">
      <Filter>源文件</Filter>
    </ClCompile>
    <ClCompile Include="Src\Framework\Events\InputLayer.cpp">
      <Filter>源文件</Filter>
    </ClCompile>
    <ClCompile Include="Src\Render\Mesh.cpp">
      <Filter>源文件</Filter>
    </ClCompile>
    <ClCompile Include="Src\Render\Buffer.cpp">
      <Filter>源文件</Filter>
    </ClCompile>
    <ClCompile Include="Src\RHI\DX12\D3DBuffer.cpp">
      <Filter>源文件</Filter>
    </ClCompile>
    <ClCompile Include="Src\RHI\DX12\D3DRendererAPI.cpp">
      <Filter>源文件</Filter>
    </ClCompile>
    <ClCompile Include="Src\Render\Shader.cpp">
      <Filter>源文件</Filter>
    </ClCompile>
    <ClCompile Include="Src\RHI\DX12\D3DShader.cpp">
      <Filter>源文件</Filter>
    </ClCompile>
    <ClCompile Include="Src\Render\Material.cpp">
      <Filter>源文件</Filter>
    </ClCompile>
    <ClCompile Include="Src\Render\RenderCommand.cpp">
      <Filter>源文件</Filter>
    </ClCompile>
    <ClCompile Include="Src\Render\GraphicsPipelineStateObject.cpp">
      <Filter>源文件</Filter>
    </ClCompile>
    <ClCompile Include="Src\RHI\DX12\D3DGraphicsPipelineState.cpp">
      <Filter>源文件</Filter>
    </ClCompile>
    <ClCompile Include="Src\Framework\Parser\FbxParser.cpp">
      <Filter>源文件</Filter>
    </ClCompile>
    <ClCompile Include="Src\Render\Texture.cpp">
      <Filter>源文件</Filter>
    </ClCompile>
    <ClCompile Include="Src\RHI\DX12\D3DTexture.cpp">
      <Filter>源文件</Filter>
    </ClCompile>
    <ClCompile Include="Src\Framework\Parser\PngParser.cpp">
      <Filter>源文件</Filter>
    </ClCompile>
    <ClCompile Include="Src\Framework\Parser\TgaParser.cpp">
      <Filter>源文件</Filter>
    </ClCompile>
    <ClCompile Include="Src\RHI\DX12\D3DCommandBuffer.cpp">
      <Filter>源文件</Filter>
    </ClCompile>
    <ClCompile Include="Src\Objects\Actor.cpp">
      <Filter>源文件</Filter>
    </ClCompile>
    <ClCompile Include="Src\Objects\Component.cpp">
      <Filter>源文件</Filter>
    </ClCompile>
    <ClCompile Include="Src\Objects\TransformComponent.cpp">
      <Filter>源文件</Filter>
    </ClCompile>
    <ClCompile Include="Src\Framework\Common\Reflect.cpp">
      <Filter>源文件</Filter>
    </ClCompile>
    <ClCompile Include="Src\Objects\SceneActor.cpp">
      <Filter>源文件</Filter>
    </ClCompile>
    <ClCompile Include="Src\Objects\LightComponent.cpp">
      <Filter>源文件</Filter>
    </ClCompile>
    <ClCompile Include="Src\Framework\Common\SceneMgr.cpp">
      <Filter>源文件</Filter>
    </ClCompile>
    <ClCompile Include="Src\Objects\StaticMeshComponent.cpp">
      <Filter>源文件</Filter>
    </ClCompile>
    <ClCompile Include="Src\Framework\Common\ResourceMgr.cpp">
      <Filter>源文件</Filter>
    </ClCompile>
    <ClCompile Include="Src\Framework\Common\Asset.cpp">
      <Filter>源文件</Filter>
    </ClCompile>
    <ClCompile Include="Src\Framework\Math\Guid.cpp">
      <Filter>源文件</Filter>
    </ClCompile>
    <ClCompile Include="Src\Objects\Object.cpp">
      <Filter>源文件</Filter>
    </ClCompile>
    <ClCompile Include="Src\Framework\ImGui\ImGUIDLL.cpp">
      <Filter>源文件</Filter>
    </ClCompile>
    <ClCompile Include="Src\Objects\CameraComponent.cpp">
      <Filter>源文件</Filter>
    </ClCompile>
    <ClCompile Include="Src\Render\Pass\RenderPass.cpp">
      <Filter>源文件</Filter>
    </ClCompile>
    <ClCompile Include="Src\Render\CommandBuffer.cpp">
      <Filter>源文件</Filter>
    </ClCompile>
    <ClCompile Include="Src\Render\RenderQueue.cpp">
      <Filter>源文件</Filter>
    </ClCompile>
    <ClCompile Include="Src\Render\PipelineState.cpp">
      <Filter>源文件</Filter>
    </ClCompile>
    <ClCompile Include="Src\Framework\Parser\HDRParser.cpp">
      <Filter>源文件</Filter>
    </ClCompile>
  </ItemGroup>
  <ItemGroup>
    <None Include="after_build.bat">
      <Filter>源文件</Filter>
    </None>
    <None Include="Res\Shaders\shaders.hlsl" />
    <None Include="Res\Shaders\cbuffer.hlsli">
      <Filter>头文件</Filter>
    </None>
    <None Include="Res\Shaders\gizmo.hlsl" />
    <None Include="Res\Shaders\PureColor.hlsl" />
    <None Include="Res\Shaders\common.hlsli" />
    <None Include="Res\Shaders\lighting.hlsli">
      <Filter>头文件</Filter>
    </None>
    <None Include="Res\Shaders\brdf.hlsli" />
    <None Include="Res\Shaders\constants.hlsli" />
    <None Include="Res\Shaders\input.hlsli" />
  </ItemGroup>
  <ItemGroup>
    <Font Include="Res\Fonts\VictorMono-Regular.ttf" />
  </ItemGroup>
</Project>